PODS:
  - Alamofire (5.0.0.beta.1)
  - DTGradientButton (0.1.1)
  - FLAnimatedImage (1.0.12)
  - JWTDecode (2.2.0)
  - Mixpanel (3.3.7)
  - PhoneNumberKit (2.5.0):
    - PhoneNumberKit/PhoneNumberKitCore (= 2.5.0)
    - PhoneNumberKit/UIKit (= 2.5.0)
  - PhoneNumberKit/PhoneNumberKitCore (2.5.0)
  - PhoneNumberKit/UIKit (2.5.0):
    - PhoneNumberKit/PhoneNumberKitCore
  - PINCache (3.0.1-beta.6):
    - PINCache/Arc-exception-safe (= 3.0.1-beta.6)
    - PINCache/Core (= 3.0.1-beta.6)
  - PINCache/Arc-exception-safe (3.0.1-beta.6):
    - PINCache/Core
  - PINCache/Core (3.0.1-beta.6):
    - PINOperation (~> 1.1.0)
  - PINOperation (1.1.1)
  - PINRemoteImage (3.0.0-beta.13):
    - PINRemoteImage/FLAnimatedImage (= 3.0.0-beta.13)
    - PINRemoteImage/PINCache (= 3.0.0-beta.13)
  - PINRemoteImage/Core (3.0.0-beta.13):
    - PINOperation
  - PINRemoteImage/FLAnimatedImage (3.0.0-beta.13):
    - FLAnimatedImage (>= 1.0)
    - PINRemoteImage/Core
  - PINRemoteImage/PINCache (3.0.0-beta.13):
    - PINCache (= 3.0.1-beta.6)
    - PINRemoteImage/Core
  - pop (1.0.12)
  - PresenterKit (5.1.0)
  - PWSwitch (1.1.2)
  - Stripe (14.0.0)
  - SwiftKeychainWrapper (3.2.0)
  - "UITextField+Shake (1.2.1)"

DEPENDENCIES:
  - Alamofire (~> 5.0.0.beta.1)
  - DTGradientButton
  - JWTDecode (~> 2.2)
  - Mixpanel
  - PhoneNumberKit (~> 2.1)
  - PINCache (= 3.0.1-beta.6)
  - PINRemoteImage (= 3.0.0-beta.13)
  - pop
  - PresenterKit
  - PWSwitch
  - Stripe
  - SwiftKeychainWrapper
  - "UITextField+Shake"

SPEC REPOS:
  https://github.com/cocoapods/specs.git:
    - Alamofire
    - DTGradientButton
    - FLAnimatedImage
    - JWTDecode
    - Mixpanel
    - PhoneNumberKit
    - PINCache
    - PINOperation
    - PINRemoteImage
    - pop
    - PresenterKit
    - PWSwitch
    - Stripe
    - SwiftKeychainWrapper
    - "UITextField+Shake"

SPEC CHECKSUMS:
  Alamofire: 2ef6d6c984c5d21c366e9b41a9ae7dfee2b67a44
  DTGradientButton: c5e3c76045af259822d9cf4ebbe9805489f2d5df
  FLAnimatedImage: 4a0b56255d9b05f18b6dd7ee06871be5d3b89e31
  JWTDecode: 85a405ab16d5473e99bd89ded1d535090ebd6a0e
  Mixpanel: 1e94d1d29dfc3d3c66f734d10e29ad86420889fe
  PhoneNumberKit: 32a1cd1e0aa9e950feb01886a22fd7386b8cf903
  PINCache: d195fdba255283f7e9900a55e3cced377f431f9b
  PINOperation: a6219e6fc9db9c269eb7a7b871ac193bcf400aac
  PINRemoteImage: d6d51c5d2adda55f1ce30c96e850b6c4ebd2856a
  pop: d582054913807fd11fd50bfe6a539d91c7e1a55a
  PresenterKit: ebb82bda6b161c720db9b5346cb593b9b00e0ed5
  PWSwitch: 399db6ef5dd8417f9a1e9f82cb70602f10a6c38f
  Stripe: db29ad197c74aca6fb981e4e8355cf7ebd0fca5a
  SwiftKeychainWrapper: 82c4c02cdc36f9a24f7edfcaab3e336401caa1a1
  "UITextField+Shake": 298ac5a0f239d731bdab999b19b628c956ca0ac3

PODFILE CHECKSUM: d21b90a534c1ca2300cb5cd91a27852c104b051f

COCOAPODS: 1.5.3
