PODS:
  - Alamofire (5.0.0.beta.1)
  - Answers (1.4.1):
    - Fabric (~> 1.10.2)
  - Crashlytics (3.14.0):
    - Fabric (~> 1.10.2)
  - DTGradientButton (0.1.3)
  - Fabric (1.10.2)
  - FLAnimatedImage (1.0.12)
  - JWTDecode (2.3.0)
  - PanModal (1.2.4)
  - PhoneNumberKit (2.6.0):
    - PhoneNumberKit/PhoneNumberKitCore (= 2.6.0)
    - PhoneNumberKit/UIKit (= 2.6.0)
  - PhoneNumberKit/PhoneNumberKitCore (2.6.0)
  - PhoneNumberKit/UIKit (2.6.0):
    - PhoneNumberKit/PhoneNumberKitCore
  - PINCache (3.0.1-beta.6):
    - PINCache/Arc-exception-safe (= 3.0.1-beta.6)
    - PINCache/Core (= 3.0.1-beta.6)
  - PINCache/Arc-exception-safe (3.0.1-beta.6):
    - PINCache/Core
  - PINCache/Core (3.0.1-beta.6):
    - PINOperation (~> 1.1.0)
  - PINOperation (1.1.2)
  - PINRemoteImage (3.0.0-beta.13):
    - PINRemoteImage/FLAnimatedImage (= 3.0.0-beta.13)
    - PINRemoteImage/PINCache (= 3.0.0-beta.13)
  - PINRemoteImage/Core (3.0.0-beta.13):
    - PINOperation
  - PINRemoteImage/FLAnimatedImage (3.0.0-beta.13):
    - FLAnimatedImage (>= 1.0)
    - PINRemoteImage/Core
  - PINRemoteImage/PINCache (3.0.0-beta.13):
    - PINCache (= 3.0.1-beta.6)
    - PINRemoteImage/Core
  - pop (1.0.12)
  - PresenterKit (5.1.0)
  - PWSwitch (1.1.2)
  - QRCodeReader.swift (10.1.0)
  - Stripe (17.0.1)
  - SwiftKeychainWrapper (3.4.0)
  - Sync (6.0.0)
  - TransitionButton (0.5.2)
  - "UITextField+Shake (1.2.1)"

DEPENDENCIES:
  - Alamofire (= 5.0.0-beta.1)
  - Answers
  - Crashlytics
  - DTGradientButton
  - Fabric
  - JWTDecode
  - PanModal (from `https://github.com/slackhq/PanModal`)
  - PhoneNumberKit (~> 2.1)
  - PINCache (= 3.0.1-beta.6)
  - PINRemoteImage (= 3.0.0-beta.13)
  - pop
  - PresenterKit
  - PWSwitch
  - QRCodeReader.swift
  - Stripe
  - SwiftKeychainWrapper
  - Sync (from `https://github.com/3lvis/Sync.git`, branch `issue-555`)
  - TransitionButton
  - "UITextField+Shake"

SPEC REPOS:
  trunk:
    - Alamofire
    - Answers
    - Crashlytics
    - DTGradientButton
    - Fabric
    - FLAnimatedImage
    - JWTDecode
    - PhoneNumberKit
    - PINCache
    - PINOperation
    - PINRemoteImage
    - pop
    - PresenterKit
    - PWSwitch
    - QRCodeReader.swift
    - Stripe
    - SwiftKeychainWrapper
    - TransitionButton
    - "UITextField+Shake"

EXTERNAL SOURCES:
  PanModal:
    :git: https://github.com/slackhq/PanModal
  Sync:
    :branch: issue-555
    :git: https://github.com/3lvis/Sync.git

CHECKOUT OPTIONS:
  PanModal:
    :commit: 12ac36646f3ef2aa08864450589a0a0243b27e37
    :git: https://github.com/slackhq/PanModal
  Sync:
    :commit: 708e71c8bf384c42437a4bc85ebbd182df0f0d78
    :git: https://github.com/3lvis/Sync.git

SPEC CHECKSUMS:
  Alamofire: 2ef6d6c984c5d21c366e9b41a9ae7dfee2b67a44
  Answers: 7d5ff1f77fea900eb75032b37b4288482b824055
  Crashlytics: 540b7e5f5da5a042647227a5e3ac51d85eed06df
  DTGradientButton: 6f0f696cd433255d226c05e4ab047d991d13d4ef
  Fabric: 706c8b8098fff96c33c0db69cbf81f9c551d0d74
  FLAnimatedImage: 4a0b56255d9b05f18b6dd7ee06871be5d3b89e31
  JWTDecode: fb77675c8049c1a7e9433c7cf448c3ce33ee4ac7
  PanModal: 275f6d4d07565ddf4ed16d7be5d9cd275682d80d
  PhoneNumberKit: 167ee1f0bbb6efce7c62559e620eae745595532f
  PINCache: d195fdba255283f7e9900a55e3cced377f431f9b
  PINOperation: 24b774353ca248fcf87d67b2d61eef42087c125a
  PINRemoteImage: d6d51c5d2adda55f1ce30c96e850b6c4ebd2856a
  pop: d582054913807fd11fd50bfe6a539d91c7e1a55a
  PresenterKit: ebb82bda6b161c720db9b5346cb593b9b00e0ed5
  PWSwitch: 399db6ef5dd8417f9a1e9f82cb70602f10a6c38f
  QRCodeReader.swift: 373a389fe9a22d513c879a32a6f647c58f4ef572
  Stripe: b8e845e12fd6dbc9cb010422b3b6b212e803d308
  SwiftKeychainWrapper: 6fc49fbf7d4a6b0772917acb0e53a1639f6078d6
  Sync: 66933d0f37b3bfb78b0cda35ecf1bc4075029a36
  TransitionButton: fb271583d9c9e4bb116b97103047e5157653f233
  "UITextField+Shake": 298ac5a0f239d731bdab999b19b628c956ca0ac3

PODFILE CHECKSUM: d220d2565d16e1bcb0d2f0653d970410e4a2b9c3

COCOAPODS: 1.8.0.beta.2
