PODS:
  - Alamofire (5.0.0-beta.3)
  - Crashlytics (3.12.0):
    - Fabric (~> 1.9.0)
  - DTGradientButton (0.1.1)
  - Fabric (1.9.0)
  - FLAnimatedImage (1.0.12)
  - JWTDecode (2.2.0)
  - PanModal (1.2.2)
  - PhoneNumberKit (2.6.0):
    - PhoneNumberKit/PhoneNumberKitCore (= 2.6.0)
    - PhoneNumberKit/UIKit (= 2.6.0)
  - PhoneNumberKit/PhoneNumberKitCore (2.6.0)
  - PhoneNumberKit/UIKit (2.6.0):
    - PhoneNumberKit/PhoneNumberKitCore
  - PINCache (3.0.1-beta.6):
    - PINCache/Arc-exception-safe (= 3.0.1-beta.6)
    - PINCache/Core (= 3.0.1-beta.6)
  - PINCache/Arc-exception-safe (3.0.1-beta.6):
    - PINCache/Core
  - PINCache/Core (3.0.1-beta.6):
    - PINOperation (~> 1.1.0)
  - PINOperation (1.1.1)
  - PINRemoteImage (3.0.0-beta.13):
    - PINRemoteImage/FLAnimatedImage (= 3.0.0-beta.13)
    - PINRemoteImage/PINCache (= 3.0.0-beta.13)
  - PINRemoteImage/Core (3.0.0-beta.13):
    - PINOperation
  - PINRemoteImage/FLAnimatedImage (3.0.0-beta.13):
    - FLAnimatedImage (>= 1.0)
    - PINRemoteImage/Core
  - PINRemoteImage/PINCache (3.0.0-beta.13):
    - PINCache (= 3.0.1-beta.6)
    - PINRemoteImage/Core
  - pop (1.0.12)
  - PresenterKit (5.1.0)
  - PWSwitch (1.1.2)
  - QRCodeReader.swift (10.0.0)
  - Stripe (14.0.0)
  - SwiftKeychainWrapper (3.2.0)
  - SwipeCellKit (2.5.4)
  - Sync (6.0.0)
  - TransitionButton (0.5.2)
  - "UITextField+Shake (1.2.1)"

DEPENDENCIES:
  - Alamofire (~> 5.0.0.beta.1)
  - Crashlytics
  - DTGradientButton
  - JWTDecode
  - PanModal
  - PhoneNumberKit (~> 2.1)
  - PINCache (= 3.0.1-beta.6)
  - PINRemoteImage (= 3.0.0-beta.13)
  - pop
  - PresenterKit
  - PWSwitch
  - QRCodeReader.swift
  - Stripe
  - SwiftKeychainWrapper
  - SwipeCellKit (= 2.5.4)
  - Sync (from `https://github.com/3lvis/Sync.git`, branch `issue-555`)
  - TransitionButton
  - "UITextField+Shake"

SPEC REPOS:
  https://github.com/cocoapods/specs.git:
    - Alamofire
    - Crashlytics
    - DTGradientButton
    - Fabric
    - FLAnimatedImage
    - JWTDecode
    - PanModal
    - PhoneNumberKit
    - PINCache
    - PINOperation
    - PINRemoteImage
    - pop
    - PresenterKit
    - PWSwitch
    - QRCodeReader.swift
    - Stripe
    - SwiftKeychainWrapper
    - SwipeCellKit
    - TransitionButton
    - "UITextField+Shake"

EXTERNAL SOURCES:
  Sync:
    :branch: issue-555
    :git: https://github.com/3lvis/Sync.git

CHECKOUT OPTIONS:
  Sync:
    :commit: 708e71c8bf384c42437a4bc85ebbd182df0f0d78
    :git: https://github.com/3lvis/Sync.git

SPEC CHECKSUMS:
  Alamofire: 50d6fa7e8cbe7f84559e86ab641ffd029db655f8
  Crashlytics: 07fb167b1694128c1c9a5a5cc319b0e9c3ca0933
  DTGradientButton: c5e3c76045af259822d9cf4ebbe9805489f2d5df
  Fabric: f988e33c97f08930a413e08123064d2e5f68d655
  FLAnimatedImage: 4a0b56255d9b05f18b6dd7ee06871be5d3b89e31
  JWTDecode: 85a405ab16d5473e99bd89ded1d535090ebd6a0e
  PanModal: db200380a267634f746f8dea550dc3d1df017fc0
  PhoneNumberKit: 167ee1f0bbb6efce7c62559e620eae745595532f
  PINCache: d195fdba255283f7e9900a55e3cced377f431f9b
  PINOperation: a6219e6fc9db9c269eb7a7b871ac193bcf400aac
  PINRemoteImage: d6d51c5d2adda55f1ce30c96e850b6c4ebd2856a
  pop: d582054913807fd11fd50bfe6a539d91c7e1a55a
  PresenterKit: ebb82bda6b161c720db9b5346cb593b9b00e0ed5
  PWSwitch: 399db6ef5dd8417f9a1e9f82cb70602f10a6c38f
  QRCodeReader.swift: 74d0378eb0c7807828552b49626bbc8307495aee
  Stripe: db29ad197c74aca6fb981e4e8355cf7ebd0fca5a
  SwiftKeychainWrapper: 82c4c02cdc36f9a24f7edfcaab3e336401caa1a1
  SwipeCellKit: 4eada3884ab1bbae5e8d2fb9030c242aa23d7f42
  Sync: a6288926bee65a1ac3c72055446c558776af43f3
  TransitionButton: fb271583d9c9e4bb116b97103047e5157653f233
  "UITextField+Shake": 298ac5a0f239d731bdab999b19b628c956ca0ac3

PODFILE CHECKSUM: b364732c21239480e54bf853b17907354ee473c7

COCOAPODS: 1.6.2
