// !$*UTF8*$!
{
	archiveVersion = 1;
	classes = {
	};
	objectVersion = 50;
	objects = {

/* Begin PBXBuildFile section */
		3AD04FED44A9DBAF9C541482 /* Pods_Big_Neon.framework in Frameworks */ = {isa = PBXBuildFile; fileRef = 78310A7CD778655F8A9FC77B /* Pods_Big_Neon.framework */; };
		75B753A8531A78F8D6ABC9CC /* Pods_BigNeonUI.framework in Frameworks */ = {isa = PBXBuildFile; fileRef = 3E79034B835677C6F76F5533 /* Pods_BigNeonUI.framework */; };
		77B009DAFA503468E64EF4C2 /* Pods_BigNeonCore.framework in Frameworks */ = {isa = PBXBuildFile; fileRef = 4CD7091C5F5E53BFE54F25FD /* Pods_BigNeonCore.framework */; };
		C62BC78421CCC3F700830A5F /* AppDelegate.swift in Sources */ = {isa = PBXBuildFile; fileRef = C62BC78321CCC3F700830A5F /* AppDelegate.swift */; };
		C62BC78621CCC3F700830A5F /* ExploreViewController.swift in Sources */ = {isa = PBXBuildFile; fileRef = C62BC78521CCC3F700830A5F /* ExploreViewController.swift */; };
		C62BC78B21CCC3FB00830A5F /* Assets.xcassets in Resources */ = {isa = PBXBuildFile; fileRef = C62BC78A21CCC3FB00830A5F /* Assets.xcassets */; };
		C62BC78E21CCC3FB00830A5F /* LaunchScreen.storyboard in Resources */ = {isa = PBXBuildFile; fileRef = C62BC78C21CCC3FB00830A5F /* LaunchScreen.storyboard */; };
		C62BC79921CCC3FB00830A5F /* Big_NeonTests.swift in Sources */ = {isa = PBXBuildFile; fileRef = C62BC79821CCC3FB00830A5F /* Big_NeonTests.swift */; };
		C62BC7A421CCC3FB00830A5F /* Big_NeonUITests.swift in Sources */ = {isa = PBXBuildFile; fileRef = C62BC7A321CCC3FB00830A5F /* Big_NeonUITests.swift */; };
		C64B0ABB21D0DCC900386000 /* ExploreViewController.CollectionView.swift in Sources */ = {isa = PBXBuildFile; fileRef = C64B0ABA21D0DCC900386000 /* ExploreViewController.CollectionView.swift */; };
		C64B0ABD21D0DCDB00386000 /* ExploreViewModel.swift in Sources */ = {isa = PBXBuildFile; fileRef = C64B0ABC21D0DCDB00386000 /* ExploreViewModel.swift */; };
		C64B0AC021D0DD1E00386000 /* Utils.swift in Sources */ = {isa = PBXBuildFile; fileRef = C64B0ABF21D0DD1E00386000 /* Utils.swift */; };
		C64B0AC221D0DD5E00386000 /* TabBarController.swift in Sources */ = {isa = PBXBuildFile; fileRef = C64B0AC121D0DD5E00386000 /* TabBarController.swift */; };
		C64B0AC421D0DDE400386000 /* Colours.swift in Sources */ = {isa = PBXBuildFile; fileRef = C64B0AC321D0DDE400386000 /* Colours.swift */; };
		C64B0AC621D0E89C00386000 /* ExploreUpcomingCell.swift in Sources */ = {isa = PBXBuildFile; fileRef = C64B0AC521D0E89C00386000 /* ExploreUpcomingCell.swift */; };
		C64B0AC821D0EF3C00386000 /* SectionHeaderCell.swift in Sources */ = {isa = PBXBuildFile; fileRef = C64B0AC721D0EF3C00386000 /* SectionHeaderCell.swift */; };
		C64B0ACA21D0FA9100386000 /* NavBarConfig.swift in Sources */ = {isa = PBXBuildFile; fileRef = C64B0AC921D0FA9100386000 /* NavBarConfig.swift */; };
		C64B0ACE21D100B600386000 /* HotThisWeekCell.swift in Sources */ = {isa = PBXBuildFile; fileRef = C64B0ACD21D100B600386000 /* HotThisWeekCell.swift */; };
		C64B0AD021D1016600386000 /* HotWeekCell.swift in Sources */ = {isa = PBXBuildFile; fileRef = C64B0ACF21D1016600386000 /* HotWeekCell.swift */; };
		C64B0AD221D11EF100386000 /* RoundedCorner.swift in Sources */ = {isa = PBXBuildFile; fileRef = C64B0AD121D11EF100386000 /* RoundedCorner.swift */; };
		C64B0AD321D1209A00386000 /* Assets.xcassets in Resources */ = {isa = PBXBuildFile; fileRef = C62BC78A21CCC3FB00830A5F /* Assets.xcassets */; };
		C64B0AD821D123F400386000 /* TicketsViewController.swift in Sources */ = {isa = PBXBuildFile; fileRef = C64B0AD721D123F400386000 /* TicketsViewController.swift */; };
		C64B0ADA21D1240700386000 /* TicketsViewModel.swift in Sources */ = {isa = PBXBuildFile; fileRef = C64B0AD921D1240700386000 /* TicketsViewModel.swift */; };
		C64B0ADC21D1276100386000 /* ProfileViewController.swift in Sources */ = {isa = PBXBuildFile; fileRef = C64B0ADB21D1276100386000 /* ProfileViewController.swift */; };
		C64B0ADF21D128F200386000 /* ProfileHeaderView.swift in Sources */ = {isa = PBXBuildFile; fileRef = C64B0ADE21D128F200386000 /* ProfileHeaderView.swift */; };
		C64B0AE121D1294600386000 /* ProfileViewController.TableView.swift in Sources */ = {isa = PBXBuildFile; fileRef = C64B0AE021D1294600386000 /* ProfileViewController.TableView.swift */; };
		C64B0AE321D1299200386000 /* ProfileTableCell.swift in Sources */ = {isa = PBXBuildFile; fileRef = C64B0AE221D1299200386000 /* ProfileTableCell.swift */; };
		C694D22021D0BBFF00B2AE07 /* BigNeonCore.framework in Frameworks */ = {isa = PBXBuildFile; fileRef = C694D21721D0BBFE00B2AE07 /* BigNeonCore.framework */; };
		C694D22721D0BBFF00B2AE07 /* BigNeonCoreTests.swift in Sources */ = {isa = PBXBuildFile; fileRef = C694D22621D0BBFF00B2AE07 /* BigNeonCoreTests.swift */; };
		C694D22921D0BBFF00B2AE07 /* BigNeonCore.h in Headers */ = {isa = PBXBuildFile; fileRef = C694D21921D0BBFE00B2AE07 /* BigNeonCore.h */; settings = {ATTRIBUTES = (Public, ); }; };
		C694D22C21D0BBFF00B2AE07 /* BigNeonCore.framework in Frameworks */ = {isa = PBXBuildFile; fileRef = C694D21721D0BBFE00B2AE07 /* BigNeonCore.framework */; };
		C694D22D21D0BBFF00B2AE07 /* BigNeonCore.framework in Embed Frameworks */ = {isa = PBXBuildFile; fileRef = C694D21721D0BBFE00B2AE07 /* BigNeonCore.framework */; settings = {ATTRIBUTES = (CodeSignOnCopy, RemoveHeadersOnCopy, ); }; };
		C694D24321D0BC1D00B2AE07 /* BigNeonUI.framework in Frameworks */ = {isa = PBXBuildFile; fileRef = C694D23A21D0BC1D00B2AE07 /* BigNeonUI.framework */; };
		C694D24A21D0BC1D00B2AE07 /* BigNeonUITests.swift in Sources */ = {isa = PBXBuildFile; fileRef = C694D24921D0BC1D00B2AE07 /* BigNeonUITests.swift */; };
		C694D24C21D0BC1D00B2AE07 /* BigNeonUI.h in Headers */ = {isa = PBXBuildFile; fileRef = C694D23C21D0BC1D00B2AE07 /* BigNeonUI.h */; settings = {ATTRIBUTES = (Public, ); }; };
		C694D24F21D0BC1D00B2AE07 /* BigNeonUI.framework in Frameworks */ = {isa = PBXBuildFile; fileRef = C694D23A21D0BC1D00B2AE07 /* BigNeonUI.framework */; };
		C694D25021D0BC1D00B2AE07 /* BigNeonUI.framework in Embed Frameworks */ = {isa = PBXBuildFile; fileRef = C694D23A21D0BC1D00B2AE07 /* BigNeonUI.framework */; settings = {ATTRIBUTES = (CodeSignOnCopy, RemoveHeadersOnCopy, ); }; };
		C694D25A21D0BFE600B2AE07 /* ApplicationRouting.swift in Sources */ = {isa = PBXBuildFile; fileRef = C694D25921D0BFE600B2AE07 /* ApplicationRouting.swift */; };
/* End PBXBuildFile section */

/* Begin PBXContainerItemProxy section */
		C62BC79521CCC3FB00830A5F /* PBXContainerItemProxy */ = {
			isa = PBXContainerItemProxy;
			containerPortal = C62BC77821CCC3F700830A5F /* Project object */;
			proxyType = 1;
			remoteGlobalIDString = C62BC77F21CCC3F700830A5F;
			remoteInfo = "Big Neon";
		};
		C62BC7A021CCC3FB00830A5F /* PBXContainerItemProxy */ = {
			isa = PBXContainerItemProxy;
			containerPortal = C62BC77821CCC3F700830A5F /* Project object */;
			proxyType = 1;
			remoteGlobalIDString = C62BC77F21CCC3F700830A5F;
			remoteInfo = "Big Neon";
		};
		C694D22121D0BBFF00B2AE07 /* PBXContainerItemProxy */ = {
			isa = PBXContainerItemProxy;
			containerPortal = C62BC77821CCC3F700830A5F /* Project object */;
			proxyType = 1;
			remoteGlobalIDString = C694D21621D0BBFE00B2AE07;
			remoteInfo = BigNeonCore;
		};
		C694D22321D0BBFF00B2AE07 /* PBXContainerItemProxy */ = {
			isa = PBXContainerItemProxy;
			containerPortal = C62BC77821CCC3F700830A5F /* Project object */;
			proxyType = 1;
			remoteGlobalIDString = C62BC77F21CCC3F700830A5F;
			remoteInfo = "Big Neon";
		};
		C694D22A21D0BBFF00B2AE07 /* PBXContainerItemProxy */ = {
			isa = PBXContainerItemProxy;
			containerPortal = C62BC77821CCC3F700830A5F /* Project object */;
			proxyType = 1;
			remoteGlobalIDString = C694D21621D0BBFE00B2AE07;
			remoteInfo = BigNeonCore;
		};
		C694D24421D0BC1D00B2AE07 /* PBXContainerItemProxy */ = {
			isa = PBXContainerItemProxy;
			containerPortal = C62BC77821CCC3F700830A5F /* Project object */;
			proxyType = 1;
			remoteGlobalIDString = C694D23921D0BC1D00B2AE07;
			remoteInfo = BigNeonUI;
		};
		C694D24621D0BC1D00B2AE07 /* PBXContainerItemProxy */ = {
			isa = PBXContainerItemProxy;
			containerPortal = C62BC77821CCC3F700830A5F /* Project object */;
			proxyType = 1;
			remoteGlobalIDString = C62BC77F21CCC3F700830A5F;
			remoteInfo = "Big Neon";
		};
		C694D24D21D0BC1D00B2AE07 /* PBXContainerItemProxy */ = {
			isa = PBXContainerItemProxy;
			containerPortal = C62BC77821CCC3F700830A5F /* Project object */;
			proxyType = 1;
			remoteGlobalIDString = C694D23921D0BC1D00B2AE07;
			remoteInfo = BigNeonUI;
		};
/* End PBXContainerItemProxy section */

/* Begin PBXCopyFilesBuildPhase section */
		C694D23321D0BBFF00B2AE07 /* Embed Frameworks */ = {
			isa = PBXCopyFilesBuildPhase;
			buildActionMask = 2147483647;
			dstPath = "";
			dstSubfolderSpec = 10;
			files = (
				C694D22D21D0BBFF00B2AE07 /* BigNeonCore.framework in Embed Frameworks */,
				C694D25021D0BC1D00B2AE07 /* BigNeonUI.framework in Embed Frameworks */,
			);
			name = "Embed Frameworks";
			runOnlyForDeploymentPostprocessing = 0;
		};
/* End PBXCopyFilesBuildPhase section */

/* Begin PBXFileReference section */
		2C6EEF4B027329FAE820B874 /* Pods-BigNeonUI.debug.xcconfig */ = {isa = PBXFileReference; includeInIndex = 1; lastKnownFileType = text.xcconfig; name = "Pods-BigNeonUI.debug.xcconfig"; path = "Pods/Target Support Files/Pods-BigNeonUI/Pods-BigNeonUI.debug.xcconfig"; sourceTree = "<group>"; };
		3E79034B835677C6F76F5533 /* Pods_BigNeonUI.framework */ = {isa = PBXFileReference; explicitFileType = wrapper.framework; includeInIndex = 0; path = Pods_BigNeonUI.framework; sourceTree = BUILT_PRODUCTS_DIR; };
		4CD7091C5F5E53BFE54F25FD /* Pods_BigNeonCore.framework */ = {isa = PBXFileReference; explicitFileType = wrapper.framework; includeInIndex = 0; path = Pods_BigNeonCore.framework; sourceTree = BUILT_PRODUCTS_DIR; };
		68F6ECD566A631F3FF5C699A /* Pods-BigNeonUI.release.xcconfig */ = {isa = PBXFileReference; includeInIndex = 1; lastKnownFileType = text.xcconfig; name = "Pods-BigNeonUI.release.xcconfig"; path = "Pods/Target Support Files/Pods-BigNeonUI/Pods-BigNeonUI.release.xcconfig"; sourceTree = "<group>"; };
		6CC758E69ED3F7507F39BB91 /* Pods-Big Neon.release.xcconfig */ = {isa = PBXFileReference; includeInIndex = 1; lastKnownFileType = text.xcconfig; name = "Pods-Big Neon.release.xcconfig"; path = "Pods/Target Support Files/Pods-Big Neon/Pods-Big Neon.release.xcconfig"; sourceTree = "<group>"; };
		78310A7CD778655F8A9FC77B /* Pods_Big_Neon.framework */ = {isa = PBXFileReference; explicitFileType = wrapper.framework; includeInIndex = 0; path = Pods_Big_Neon.framework; sourceTree = BUILT_PRODUCTS_DIR; };
		AB883EFDAE7FEF2892885C4C /* Pods-BigNeonCore.debug.xcconfig */ = {isa = PBXFileReference; includeInIndex = 1; lastKnownFileType = text.xcconfig; name = "Pods-BigNeonCore.debug.xcconfig"; path = "Pods/Target Support Files/Pods-BigNeonCore/Pods-BigNeonCore.debug.xcconfig"; sourceTree = "<group>"; };
		C5C35E86CF6274D746DC2A17 /* Pods-BigNeonCore.release.xcconfig */ = {isa = PBXFileReference; includeInIndex = 1; lastKnownFileType = text.xcconfig; name = "Pods-BigNeonCore.release.xcconfig"; path = "Pods/Target Support Files/Pods-BigNeonCore/Pods-BigNeonCore.release.xcconfig"; sourceTree = "<group>"; };
		C62BC78021CCC3F700830A5F /* Big Neon.app */ = {isa = PBXFileReference; explicitFileType = wrapper.application; includeInIndex = 0; path = "Big Neon.app"; sourceTree = BUILT_PRODUCTS_DIR; };
		C62BC78321CCC3F700830A5F /* AppDelegate.swift */ = {isa = PBXFileReference; lastKnownFileType = sourcecode.swift; path = AppDelegate.swift; sourceTree = "<group>"; };
		C62BC78521CCC3F700830A5F /* ExploreViewController.swift */ = {isa = PBXFileReference; lastKnownFileType = sourcecode.swift; path = ExploreViewController.swift; sourceTree = "<group>"; };
		C62BC78A21CCC3FB00830A5F /* Assets.xcassets */ = {isa = PBXFileReference; lastKnownFileType = folder.assetcatalog; path = Assets.xcassets; sourceTree = "<group>"; };
		C62BC78D21CCC3FB00830A5F /* Base */ = {isa = PBXFileReference; lastKnownFileType = file.storyboard; name = Base; path = Base.lproj/LaunchScreen.storyboard; sourceTree = "<group>"; };
		C62BC78F21CCC3FB00830A5F /* Info.plist */ = {isa = PBXFileReference; lastKnownFileType = text.plist.xml; path = Info.plist; sourceTree = "<group>"; };
		C62BC79421CCC3FB00830A5F /* Big NeonTests.xctest */ = {isa = PBXFileReference; explicitFileType = wrapper.cfbundle; includeInIndex = 0; path = "Big NeonTests.xctest"; sourceTree = BUILT_PRODUCTS_DIR; };
		C62BC79821CCC3FB00830A5F /* Big_NeonTests.swift */ = {isa = PBXFileReference; lastKnownFileType = sourcecode.swift; path = Big_NeonTests.swift; sourceTree = "<group>"; };
		C62BC79A21CCC3FB00830A5F /* Info.plist */ = {isa = PBXFileReference; lastKnownFileType = text.plist.xml; path = Info.plist; sourceTree = "<group>"; };
		C62BC79F21CCC3FB00830A5F /* Big NeonUITests.xctest */ = {isa = PBXFileReference; explicitFileType = wrapper.cfbundle; includeInIndex = 0; path = "Big NeonUITests.xctest"; sourceTree = BUILT_PRODUCTS_DIR; };
		C62BC7A321CCC3FB00830A5F /* Big_NeonUITests.swift */ = {isa = PBXFileReference; lastKnownFileType = sourcecode.swift; path = Big_NeonUITests.swift; sourceTree = "<group>"; };
		C62BC7A521CCC3FB00830A5F /* Info.plist */ = {isa = PBXFileReference; lastKnownFileType = text.plist.xml; path = Info.plist; sourceTree = "<group>"; };
		C64B0ABA21D0DCC900386000 /* ExploreViewController.CollectionView.swift */ = {isa = PBXFileReference; lastKnownFileType = sourcecode.swift; path = ExploreViewController.CollectionView.swift; sourceTree = "<group>"; };
		C64B0ABC21D0DCDB00386000 /* ExploreViewModel.swift */ = {isa = PBXFileReference; lastKnownFileType = sourcecode.swift; path = ExploreViewModel.swift; sourceTree = "<group>"; };
		C64B0ABF21D0DD1E00386000 /* Utils.swift */ = {isa = PBXFileReference; lastKnownFileType = sourcecode.swift; path = Utils.swift; sourceTree = "<group>"; };
		C64B0AC121D0DD5E00386000 /* TabBarController.swift */ = {isa = PBXFileReference; lastKnownFileType = sourcecode.swift; path = TabBarController.swift; sourceTree = "<group>"; };
		C64B0AC321D0DDE400386000 /* Colours.swift */ = {isa = PBXFileReference; lastKnownFileType = sourcecode.swift; path = Colours.swift; sourceTree = "<group>"; };
		C64B0AC521D0E89C00386000 /* ExploreUpcomingCell.swift */ = {isa = PBXFileReference; lastKnownFileType = sourcecode.swift; path = ExploreUpcomingCell.swift; sourceTree = "<group>"; };
		C64B0AC721D0EF3C00386000 /* SectionHeaderCell.swift */ = {isa = PBXFileReference; lastKnownFileType = sourcecode.swift; path = SectionHeaderCell.swift; sourceTree = "<group>"; };
		C64B0AC921D0FA9100386000 /* NavBarConfig.swift */ = {isa = PBXFileReference; lastKnownFileType = sourcecode.swift; path = NavBarConfig.swift; sourceTree = "<group>"; };
		C64B0ACD21D100B600386000 /* HotThisWeekCell.swift */ = {isa = PBXFileReference; lastKnownFileType = sourcecode.swift; path = HotThisWeekCell.swift; sourceTree = "<group>"; };
		C64B0ACF21D1016600386000 /* HotWeekCell.swift */ = {isa = PBXFileReference; lastKnownFileType = sourcecode.swift; path = HotWeekCell.swift; sourceTree = "<group>"; };
		C64B0AD121D11EF100386000 /* RoundedCorner.swift */ = {isa = PBXFileReference; lastKnownFileType = sourcecode.swift; path = RoundedCorner.swift; sourceTree = "<group>"; };
		C64B0AD721D123F400386000 /* TicketsViewController.swift */ = {isa = PBXFileReference; lastKnownFileType = sourcecode.swift; path = TicketsViewController.swift; sourceTree = "<group>"; };
		C64B0AD921D1240700386000 /* TicketsViewModel.swift */ = {isa = PBXFileReference; lastKnownFileType = sourcecode.swift; path = TicketsViewModel.swift; sourceTree = "<group>"; };
		C64B0ADB21D1276100386000 /* ProfileViewController.swift */ = {isa = PBXFileReference; lastKnownFileType = sourcecode.swift; path = ProfileViewController.swift; sourceTree = "<group>"; };
		C64B0ADE21D128F200386000 /* ProfileHeaderView.swift */ = {isa = PBXFileReference; lastKnownFileType = sourcecode.swift; path = ProfileHeaderView.swift; sourceTree = "<group>"; };
		C64B0AE021D1294600386000 /* ProfileViewController.TableView.swift */ = {isa = PBXFileReference; lastKnownFileType = sourcecode.swift; path = ProfileViewController.TableView.swift; sourceTree = "<group>"; };
		C64B0AE221D1299200386000 /* ProfileTableCell.swift */ = {isa = PBXFileReference; lastKnownFileType = sourcecode.swift; path = ProfileTableCell.swift; sourceTree = "<group>"; };
		C694D21721D0BBFE00B2AE07 /* BigNeonCore.framework */ = {isa = PBXFileReference; explicitFileType = wrapper.framework; includeInIndex = 0; path = BigNeonCore.framework; sourceTree = BUILT_PRODUCTS_DIR; };
		C694D21921D0BBFE00B2AE07 /* BigNeonCore.h */ = {isa = PBXFileReference; lastKnownFileType = sourcecode.c.h; path = BigNeonCore.h; sourceTree = "<group>"; };
		C694D21A21D0BBFE00B2AE07 /* Info.plist */ = {isa = PBXFileReference; lastKnownFileType = text.plist.xml; path = Info.plist; sourceTree = "<group>"; };
		C694D21F21D0BBFF00B2AE07 /* BigNeonCoreTests.xctest */ = {isa = PBXFileReference; explicitFileType = wrapper.cfbundle; includeInIndex = 0; path = BigNeonCoreTests.xctest; sourceTree = BUILT_PRODUCTS_DIR; };
		C694D22621D0BBFF00B2AE07 /* BigNeonCoreTests.swift */ = {isa = PBXFileReference; lastKnownFileType = sourcecode.swift; path = BigNeonCoreTests.swift; sourceTree = "<group>"; };
		C694D22821D0BBFF00B2AE07 /* Info.plist */ = {isa = PBXFileReference; lastKnownFileType = text.plist.xml; path = Info.plist; sourceTree = "<group>"; };
		C694D23A21D0BC1D00B2AE07 /* BigNeonUI.framework */ = {isa = PBXFileReference; explicitFileType = wrapper.framework; includeInIndex = 0; path = BigNeonUI.framework; sourceTree = BUILT_PRODUCTS_DIR; };
		C694D23C21D0BC1D00B2AE07 /* BigNeonUI.h */ = {isa = PBXFileReference; lastKnownFileType = sourcecode.c.h; path = BigNeonUI.h; sourceTree = "<group>"; };
		C694D23D21D0BC1D00B2AE07 /* Info.plist */ = {isa = PBXFileReference; lastKnownFileType = text.plist.xml; path = Info.plist; sourceTree = "<group>"; };
		C694D24221D0BC1D00B2AE07 /* BigNeonUITests.xctest */ = {isa = PBXFileReference; explicitFileType = wrapper.cfbundle; includeInIndex = 0; path = BigNeonUITests.xctest; sourceTree = BUILT_PRODUCTS_DIR; };
		C694D24921D0BC1D00B2AE07 /* BigNeonUITests.swift */ = {isa = PBXFileReference; lastKnownFileType = sourcecode.swift; path = BigNeonUITests.swift; sourceTree = "<group>"; };
		C694D24B21D0BC1D00B2AE07 /* Info.plist */ = {isa = PBXFileReference; lastKnownFileType = text.plist.xml; path = Info.plist; sourceTree = "<group>"; };
		C694D25921D0BFE600B2AE07 /* ApplicationRouting.swift */ = {isa = PBXFileReference; lastKnownFileType = sourcecode.swift; path = ApplicationRouting.swift; sourceTree = "<group>"; };
		CF1FA333925A46724CB83E09 /* Pods-Big Neon.debug.xcconfig */ = {isa = PBXFileReference; includeInIndex = 1; lastKnownFileType = text.xcconfig; name = "Pods-Big Neon.debug.xcconfig"; path = "Pods/Target Support Files/Pods-Big Neon/Pods-Big Neon.debug.xcconfig"; sourceTree = "<group>"; };
/* End PBXFileReference section */

/* Begin PBXFrameworksBuildPhase section */
		C62BC77D21CCC3F700830A5F /* Frameworks */ = {
			isa = PBXFrameworksBuildPhase;
			buildActionMask = 2147483647;
			files = (
				C694D22C21D0BBFF00B2AE07 /* BigNeonCore.framework in Frameworks */,
				C694D24F21D0BC1D00B2AE07 /* BigNeonUI.framework in Frameworks */,
				3AD04FED44A9DBAF9C541482 /* Pods_Big_Neon.framework in Frameworks */,
			);
			runOnlyForDeploymentPostprocessing = 0;
		};
		C62BC79121CCC3FB00830A5F /* Frameworks */ = {
			isa = PBXFrameworksBuildPhase;
			buildActionMask = 2147483647;
			files = (
			);
			runOnlyForDeploymentPostprocessing = 0;
		};
		C62BC79C21CCC3FB00830A5F /* Frameworks */ = {
			isa = PBXFrameworksBuildPhase;
			buildActionMask = 2147483647;
			files = (
			);
			runOnlyForDeploymentPostprocessing = 0;
		};
		C694D21421D0BBFE00B2AE07 /* Frameworks */ = {
			isa = PBXFrameworksBuildPhase;
			buildActionMask = 2147483647;
			files = (
				77B009DAFA503468E64EF4C2 /* Pods_BigNeonCore.framework in Frameworks */,
			);
			runOnlyForDeploymentPostprocessing = 0;
		};
		C694D21C21D0BBFF00B2AE07 /* Frameworks */ = {
			isa = PBXFrameworksBuildPhase;
			buildActionMask = 2147483647;
			files = (
				C694D22021D0BBFF00B2AE07 /* BigNeonCore.framework in Frameworks */,
			);
			runOnlyForDeploymentPostprocessing = 0;
		};
		C694D23721D0BC1D00B2AE07 /* Frameworks */ = {
			isa = PBXFrameworksBuildPhase;
			buildActionMask = 2147483647;
			files = (
				75B753A8531A78F8D6ABC9CC /* Pods_BigNeonUI.framework in Frameworks */,
			);
			runOnlyForDeploymentPostprocessing = 0;
		};
		C694D23F21D0BC1D00B2AE07 /* Frameworks */ = {
			isa = PBXFrameworksBuildPhase;
			buildActionMask = 2147483647;
			files = (
				C694D24321D0BC1D00B2AE07 /* BigNeonUI.framework in Frameworks */,
			);
			runOnlyForDeploymentPostprocessing = 0;
		};
/* End PBXFrameworksBuildPhase section */

/* Begin PBXGroup section */
		923E270B89A42E8117A7D434 /* Frameworks */ = {
			isa = PBXGroup;
			children = (
				78310A7CD778655F8A9FC77B /* Pods_Big_Neon.framework */,
				4CD7091C5F5E53BFE54F25FD /* Pods_BigNeonCore.framework */,
				3E79034B835677C6F76F5533 /* Pods_BigNeonUI.framework */,
			);
			name = Frameworks;
			sourceTree = "<group>";
		};
		C62BC77721CCC3F700830A5F = {
			isa = PBXGroup;
			children = (
				C62BC78221CCC3F700830A5F /* Big Neon */,
				C694D23B21D0BC1D00B2AE07 /* BigNeonUI */,
				C694D21821D0BBFE00B2AE07 /* BigNeonCore */,
				C62BC79721CCC3FB00830A5F /* Big NeonTests */,
				C62BC7A221CCC3FB00830A5F /* Big NeonUITests */,
				C694D22521D0BBFF00B2AE07 /* BigNeonCoreTests */,
				C694D24821D0BC1D00B2AE07 /* BigNeonUITests */,
				C62BC78121CCC3F700830A5F /* Products */,
				F65EEC9195B9C5AA4DD674D2 /* Pods */,
				923E270B89A42E8117A7D434 /* Frameworks */,
			);
			sourceTree = "<group>";
		};
		C62BC78121CCC3F700830A5F /* Products */ = {
			isa = PBXGroup;
			children = (
				C62BC78021CCC3F700830A5F /* Big Neon.app */,
				C62BC79421CCC3FB00830A5F /* Big NeonTests.xctest */,
				C62BC79F21CCC3FB00830A5F /* Big NeonUITests.xctest */,
				C694D21721D0BBFE00B2AE07 /* BigNeonCore.framework */,
				C694D21F21D0BBFF00B2AE07 /* BigNeonCoreTests.xctest */,
				C694D23A21D0BC1D00B2AE07 /* BigNeonUI.framework */,
				C694D24221D0BC1D00B2AE07 /* BigNeonUITests.xctest */,
			);
			name = Products;
			sourceTree = "<group>";
		};
		C62BC78221CCC3F700830A5F /* Big Neon */ = {
			isa = PBXGroup;
			children = (
				C62BC78321CCC3F700830A5F /* AppDelegate.swift */,
				C62BC78A21CCC3FB00830A5F /* Assets.xcassets */,
				C62BC78C21CCC3FB00830A5F /* LaunchScreen.storyboard */,
				C62BC78F21CCC3FB00830A5F /* Info.plist */,
				C694D25721D0BFB300B2AE07 /* Config */,
				C64B0AB221D0DC3E00386000 /* Screens */,
			);
			path = "Big Neon";
			sourceTree = "<group>";
		};
		C62BC79721CCC3FB00830A5F /* Big NeonTests */ = {
			isa = PBXGroup;
			children = (
				C62BC79821CCC3FB00830A5F /* Big_NeonTests.swift */,
				C62BC79A21CCC3FB00830A5F /* Info.plist */,
			);
			path = "Big NeonTests";
			sourceTree = "<group>";
		};
		C62BC7A221CCC3FB00830A5F /* Big NeonUITests */ = {
			isa = PBXGroup;
			children = (
				C62BC7A321CCC3FB00830A5F /* Big_NeonUITests.swift */,
				C62BC7A521CCC3FB00830A5F /* Info.plist */,
			);
			path = "Big NeonUITests";
			sourceTree = "<group>";
		};
		C64B0AB021D0DBAE00386000 /* TabBar */ = {
			isa = PBXGroup;
			children = (
				C64B0AC121D0DD5E00386000 /* TabBarController.swift */,
			);
			path = TabBar;
			sourceTree = "<group>";
		};
		C64B0AB221D0DC3E00386000 /* Screens */ = {
			isa = PBXGroup;
			children = (
				C64B0AD421D123C300386000 /* Explore */,
				C64B0AD521D123D100386000 /* Tickets */,
				C64B0AD621D123D700386000 /* Profile */,
			);
			path = Screens;
			sourceTree = "<group>";
		};
		C64B0AB321D0DC5D00386000 /* Cells */ = {
			isa = PBXGroup;
			children = (
				C64B0ADD21D127BF00386000 /* Profile */,
				C64B0ACB21D1009F00386000 /* Explore */,
			);
			path = Cells;
			sourceTree = "<group>";
		};
		C64B0AB421D0DC6200386000 /* Controls */ = {
			isa = PBXGroup;
			children = (
			);
			path = Controls;
			sourceTree = "<group>";
		};
		C64B0AB521D0DC6800386000 /* UIUtilities */ = {
			isa = PBXGroup;
			children = (
				C64B0AC921D0FA9100386000 /* NavBarConfig.swift */,
				C64B0AD121D11EF100386000 /* RoundedCorner.swift */,
			);
			path = UIUtilities;
			sourceTree = "<group>";
		};
		C64B0AB621D0DC7A00386000 /* Fonts */ = {
			isa = PBXGroup;
			children = (
			);
			path = Fonts;
			sourceTree = "<group>";
		};
		C64B0AB721D0DC8000386000 /* Colours */ = {
			isa = PBXGroup;
			children = (
				C64B0AC321D0DDE400386000 /* Colours.swift */,
			);
			path = Colours;
			sourceTree = "<group>";
		};
		C64B0AB821D0DC8700386000 /* Resources */ = {
			isa = PBXGroup;
			children = (
			);
			path = Resources;
			sourceTree = "<group>";
		};
		C64B0AB921D0DC9300386000 /* Views */ = {
			isa = PBXGroup;
			children = (
			);
			path = Views;
			sourceTree = "<group>";
		};
		C64B0ABE21D0DD1500386000 /* Utils */ = {
			isa = PBXGroup;
			children = (
				C64B0ABF21D0DD1E00386000 /* Utils.swift */,
			);
			path = Utils;
			sourceTree = "<group>";
		};
		C64B0ACB21D1009F00386000 /* Explore */ = {
			isa = PBXGroup;
			children = (
				C64B0ACC21D100AA00386000 /* HotThisWeekCells */,
				C64B0AC721D0EF3C00386000 /* SectionHeaderCell.swift */,
				C64B0AC521D0E89C00386000 /* ExploreUpcomingCell.swift */,
			);
			path = Explore;
			sourceTree = "<group>";
		};
		C64B0ACC21D100AA00386000 /* HotThisWeekCells */ = {
			isa = PBXGroup;
			children = (
				C64B0ACD21D100B600386000 /* HotThisWeekCell.swift */,
				C64B0ACF21D1016600386000 /* HotWeekCell.swift */,
			);
			path = HotThisWeekCells;
			sourceTree = "<group>";
		};
		C64B0AD421D123C300386000 /* Explore */ = {
			isa = PBXGroup;
			children = (
				C64B0ABC21D0DCDB00386000 /* ExploreViewModel.swift */,
				C62BC78521CCC3F700830A5F /* ExploreViewController.swift */,
				C64B0ABA21D0DCC900386000 /* ExploreViewController.CollectionView.swift */,
			);
			path = Explore;
			sourceTree = "<group>";
		};
		C64B0AD521D123D100386000 /* Tickets */ = {
			isa = PBXGroup;
			children = (
				C64B0AD921D1240700386000 /* TicketsViewModel.swift */,
				C64B0AD721D123F400386000 /* TicketsViewController.swift */,
			);
			path = Tickets;
			sourceTree = "<group>";
		};
		C64B0AD621D123D700386000 /* Profile */ = {
			isa = PBXGroup;
			children = (
				C64B0ADB21D1276100386000 /* ProfileViewController.swift */,
				C64B0AE021D1294600386000 /* ProfileViewController.TableView.swift */,
			);
			path = Profile;
			sourceTree = "<group>";
		};
		C64B0ADD21D127BF00386000 /* Profile */ = {
			isa = PBXGroup;
			children = (
				C64B0ADE21D128F200386000 /* ProfileHeaderView.swift */,
				C64B0AE221D1299200386000 /* ProfileTableCell.swift */,
			);
			path = Profile;
			sourceTree = "<group>";
		};
		C694D21821D0BBFE00B2AE07 /* BigNeonCore */ = {
			isa = PBXGroup;
			children = (
				C694D21921D0BBFE00B2AE07 /* BigNeonCore.h */,
				C694D21A21D0BBFE00B2AE07 /* Info.plist */,
			);
			path = BigNeonCore;
			sourceTree = "<group>";
		};
		C694D22521D0BBFF00B2AE07 /* BigNeonCoreTests */ = {
			isa = PBXGroup;
			children = (
				C694D22621D0BBFF00B2AE07 /* BigNeonCoreTests.swift */,
				C694D22821D0BBFF00B2AE07 /* Info.plist */,
			);
			path = BigNeonCoreTests;
			sourceTree = "<group>";
		};
		C694D23B21D0BC1D00B2AE07 /* BigNeonUI */ = {
			isa = PBXGroup;
			children = (
				C64B0AB921D0DC9300386000 /* Views */,
				C64B0AB321D0DC5D00386000 /* Cells */,
				C64B0AB421D0DC6200386000 /* Controls */,
				C64B0AB521D0DC6800386000 /* UIUtilities */,
				C64B0AB821D0DC8700386000 /* Resources */,
				C64B0AB721D0DC8000386000 /* Colours */,
				C64B0AB621D0DC7A00386000 /* Fonts */,
				C694D23C21D0BC1D00B2AE07 /* BigNeonUI.h */,
				C694D23D21D0BC1D00B2AE07 /* Info.plist */,
			);
			path = BigNeonUI;
			sourceTree = "<group>";
		};
		C694D24821D0BC1D00B2AE07 /* BigNeonUITests */ = {
			isa = PBXGroup;
			children = (
				C694D24921D0BC1D00B2AE07 /* BigNeonUITests.swift */,
				C694D24B21D0BC1D00B2AE07 /* Info.plist */,
			);
			path = BigNeonUITests;
			sourceTree = "<group>";
		};
		C694D25721D0BFB300B2AE07 /* Config */ = {
			isa = PBXGroup;
			children = (
				C64B0ABE21D0DD1500386000 /* Utils */,
				C64B0AB021D0DBAE00386000 /* TabBar */,
				C694D25821D0BFD700B2AE07 /* Routing */,
			);
			path = Config;
			sourceTree = "<group>";
		};
		C694D25821D0BFD700B2AE07 /* Routing */ = {
			isa = PBXGroup;
			children = (
				C694D25921D0BFE600B2AE07 /* ApplicationRouting.swift */,
			);
			path = Routing;
			sourceTree = "<group>";
		};
		F65EEC9195B9C5AA4DD674D2 /* Pods */ = {
			isa = PBXGroup;
			children = (
				CF1FA333925A46724CB83E09 /* Pods-Big Neon.debug.xcconfig */,
				6CC758E69ED3F7507F39BB91 /* Pods-Big Neon.release.xcconfig */,
				AB883EFDAE7FEF2892885C4C /* Pods-BigNeonCore.debug.xcconfig */,
				C5C35E86CF6274D746DC2A17 /* Pods-BigNeonCore.release.xcconfig */,
				2C6EEF4B027329FAE820B874 /* Pods-BigNeonUI.debug.xcconfig */,
				68F6ECD566A631F3FF5C699A /* Pods-BigNeonUI.release.xcconfig */,
			);
			name = Pods;
			sourceTree = "<group>";
		};
/* End PBXGroup section */

/* Begin PBXHeadersBuildPhase section */
		C694D21221D0BBFE00B2AE07 /* Headers */ = {
			isa = PBXHeadersBuildPhase;
			buildActionMask = 2147483647;
			files = (
				C694D22921D0BBFF00B2AE07 /* BigNeonCore.h in Headers */,
			);
			runOnlyForDeploymentPostprocessing = 0;
		};
		C694D23521D0BC1D00B2AE07 /* Headers */ = {
			isa = PBXHeadersBuildPhase;
			buildActionMask = 2147483647;
			files = (
				C694D24C21D0BC1D00B2AE07 /* BigNeonUI.h in Headers */,
			);
			runOnlyForDeploymentPostprocessing = 0;
		};
/* End PBXHeadersBuildPhase section */

/* Begin PBXNativeTarget section */
		C62BC77F21CCC3F700830A5F /* Big Neon */ = {
			isa = PBXNativeTarget;
			buildConfigurationList = C62BC7A821CCC3FB00830A5F /* Build configuration list for PBXNativeTarget "Big Neon" */;
			buildPhases = (
				2E74AE6097BD3B7E726A3E2E /* [CP] Check Pods Manifest.lock */,
				C62BC77C21CCC3F700830A5F /* Sources */,
				C62BC77D21CCC3F700830A5F /* Frameworks */,
				C62BC77E21CCC3F700830A5F /* Resources */,
				C694D23321D0BBFF00B2AE07 /* Embed Frameworks */,
				38CC1584353202938BF8C806 /* [CP] Embed Pods Frameworks */,
			);
			buildRules = (
			);
			dependencies = (
				C694D22B21D0BBFF00B2AE07 /* PBXTargetDependency */,
				C694D24E21D0BC1D00B2AE07 /* PBXTargetDependency */,
			);
			name = "Big Neon";
			productName = "Big Neon";
			productReference = C62BC78021CCC3F700830A5F /* Big Neon.app */;
			productType = "com.apple.product-type.application";
		};
		C62BC79321CCC3FB00830A5F /* Big NeonTests */ = {
			isa = PBXNativeTarget;
			buildConfigurationList = C62BC7AB21CCC3FB00830A5F /* Build configuration list for PBXNativeTarget "Big NeonTests" */;
			buildPhases = (
				C62BC79021CCC3FB00830A5F /* Sources */,
				C62BC79121CCC3FB00830A5F /* Frameworks */,
				C62BC79221CCC3FB00830A5F /* Resources */,
			);
			buildRules = (
			);
			dependencies = (
				C62BC79621CCC3FB00830A5F /* PBXTargetDependency */,
			);
			name = "Big NeonTests";
			productName = "Big NeonTests";
			productReference = C62BC79421CCC3FB00830A5F /* Big NeonTests.xctest */;
			productType = "com.apple.product-type.bundle.unit-test";
		};
		C62BC79E21CCC3FB00830A5F /* Big NeonUITests */ = {
			isa = PBXNativeTarget;
			buildConfigurationList = C62BC7AE21CCC3FB00830A5F /* Build configuration list for PBXNativeTarget "Big NeonUITests" */;
			buildPhases = (
				C62BC79B21CCC3FB00830A5F /* Sources */,
				C62BC79C21CCC3FB00830A5F /* Frameworks */,
				C62BC79D21CCC3FB00830A5F /* Resources */,
			);
			buildRules = (
			);
			dependencies = (
				C62BC7A121CCC3FB00830A5F /* PBXTargetDependency */,
			);
			name = "Big NeonUITests";
			productName = "Big NeonUITests";
			productReference = C62BC79F21CCC3FB00830A5F /* Big NeonUITests.xctest */;
			productType = "com.apple.product-type.bundle.ui-testing";
		};
		C694D21621D0BBFE00B2AE07 /* BigNeonCore */ = {
			isa = PBXNativeTarget;
			buildConfigurationList = C694D23221D0BBFF00B2AE07 /* Build configuration list for PBXNativeTarget "BigNeonCore" */;
			buildPhases = (
				2A82D1DFF3BD0908001C618D /* [CP] Check Pods Manifest.lock */,
				C694D21221D0BBFE00B2AE07 /* Headers */,
				C694D21321D0BBFE00B2AE07 /* Sources */,
				C694D21421D0BBFE00B2AE07 /* Frameworks */,
				C694D21521D0BBFE00B2AE07 /* Resources */,
			);
			buildRules = (
			);
			dependencies = (
			);
			name = BigNeonCore;
			productName = BigNeonCore;
			productReference = C694D21721D0BBFE00B2AE07 /* BigNeonCore.framework */;
			productType = "com.apple.product-type.framework";
		};
		C694D21E21D0BBFF00B2AE07 /* BigNeonCoreTests */ = {
			isa = PBXNativeTarget;
			buildConfigurationList = C694D23421D0BBFF00B2AE07 /* Build configuration list for PBXNativeTarget "BigNeonCoreTests" */;
			buildPhases = (
				C694D21B21D0BBFF00B2AE07 /* Sources */,
				C694D21C21D0BBFF00B2AE07 /* Frameworks */,
				C694D21D21D0BBFF00B2AE07 /* Resources */,
			);
			buildRules = (
			);
			dependencies = (
				C694D22221D0BBFF00B2AE07 /* PBXTargetDependency */,
				C694D22421D0BBFF00B2AE07 /* PBXTargetDependency */,
			);
			name = BigNeonCoreTests;
			productName = BigNeonCoreTests;
			productReference = C694D21F21D0BBFF00B2AE07 /* BigNeonCoreTests.xctest */;
			productType = "com.apple.product-type.bundle.unit-test";
		};
		C694D23921D0BC1D00B2AE07 /* BigNeonUI */ = {
			isa = PBXNativeTarget;
			buildConfigurationList = C694D25121D0BC1D00B2AE07 /* Build configuration list for PBXNativeTarget "BigNeonUI" */;
			buildPhases = (
				46C684B3A8DD5D0EA7148865 /* [CP] Check Pods Manifest.lock */,
				C694D23521D0BC1D00B2AE07 /* Headers */,
				C694D23621D0BC1D00B2AE07 /* Sources */,
				C694D23721D0BC1D00B2AE07 /* Frameworks */,
				C694D23821D0BC1D00B2AE07 /* Resources */,
			);
			buildRules = (
			);
			dependencies = (
			);
			name = BigNeonUI;
			productName = BigNeonUI;
			productReference = C694D23A21D0BC1D00B2AE07 /* BigNeonUI.framework */;
			productType = "com.apple.product-type.framework";
		};
		C694D24121D0BC1D00B2AE07 /* BigNeonUITests */ = {
			isa = PBXNativeTarget;
			buildConfigurationList = C694D25421D0BC1D00B2AE07 /* Build configuration list for PBXNativeTarget "BigNeonUITests" */;
			buildPhases = (
				C694D23E21D0BC1D00B2AE07 /* Sources */,
				C694D23F21D0BC1D00B2AE07 /* Frameworks */,
				C694D24021D0BC1D00B2AE07 /* Resources */,
			);
			buildRules = (
			);
			dependencies = (
				C694D24521D0BC1D00B2AE07 /* PBXTargetDependency */,
				C694D24721D0BC1D00B2AE07 /* PBXTargetDependency */,
			);
			name = BigNeonUITests;
			productName = BigNeonUITests;
			productReference = C694D24221D0BC1D00B2AE07 /* BigNeonUITests.xctest */;
			productType = "com.apple.product-type.bundle.unit-test";
		};
/* End PBXNativeTarget section */

/* Begin PBXProject section */
		C62BC77821CCC3F700830A5F /* Project object */ = {
			isa = PBXProject;
			attributes = {
				LastSwiftUpdateCheck = 1010;
				LastUpgradeCheck = 1010;
				ORGANIZATIONNAME = "Big Neon Inc";
				TargetAttributes = {
					C62BC77F21CCC3F700830A5F = {
						CreatedOnToolsVersion = 10.1;
					};
					C62BC79321CCC3FB00830A5F = {
						CreatedOnToolsVersion = 10.1;
						TestTargetID = C62BC77F21CCC3F700830A5F;
					};
					C62BC79E21CCC3FB00830A5F = {
						CreatedOnToolsVersion = 10.1;
						TestTargetID = C62BC77F21CCC3F700830A5F;
					};
					C694D21621D0BBFE00B2AE07 = {
						CreatedOnToolsVersion = 10.1;
					};
					C694D21E21D0BBFF00B2AE07 = {
						CreatedOnToolsVersion = 10.1;
						TestTargetID = C62BC77F21CCC3F700830A5F;
					};
					C694D23921D0BC1D00B2AE07 = {
						CreatedOnToolsVersion = 10.1;
						LastSwiftMigration = 1010;
					};
					C694D24121D0BC1D00B2AE07 = {
						CreatedOnToolsVersion = 10.1;
						TestTargetID = C62BC77F21CCC3F700830A5F;
					};
				};
			};
			buildConfigurationList = C62BC77B21CCC3F700830A5F /* Build configuration list for PBXProject "Big Neon" */;
			compatibilityVersion = "Xcode 9.3";
			developmentRegion = en;
			hasScannedForEncodings = 0;
			knownRegions = (
				en,
				Base,
			);
			mainGroup = C62BC77721CCC3F700830A5F;
			productRefGroup = C62BC78121CCC3F700830A5F /* Products */;
			projectDirPath = "";
			projectRoot = "";
			targets = (
				C62BC77F21CCC3F700830A5F /* Big Neon */,
				C62BC79321CCC3FB00830A5F /* Big NeonTests */,
				C62BC79E21CCC3FB00830A5F /* Big NeonUITests */,
				C694D21621D0BBFE00B2AE07 /* BigNeonCore */,
				C694D21E21D0BBFF00B2AE07 /* BigNeonCoreTests */,
				C694D23921D0BC1D00B2AE07 /* BigNeonUI */,
				C694D24121D0BC1D00B2AE07 /* BigNeonUITests */,
			);
		};
/* End PBXProject section */

/* Begin PBXResourcesBuildPhase section */
		C62BC77E21CCC3F700830A5F /* Resources */ = {
			isa = PBXResourcesBuildPhase;
			buildActionMask = 2147483647;
			files = (
				C62BC78E21CCC3FB00830A5F /* LaunchScreen.storyboard in Resources */,
				C62BC78B21CCC3FB00830A5F /* Assets.xcassets in Resources */,
			);
			runOnlyForDeploymentPostprocessing = 0;
		};
		C62BC79221CCC3FB00830A5F /* Resources */ = {
			isa = PBXResourcesBuildPhase;
			buildActionMask = 2147483647;
			files = (
			);
			runOnlyForDeploymentPostprocessing = 0;
		};
		C62BC79D21CCC3FB00830A5F /* Resources */ = {
			isa = PBXResourcesBuildPhase;
			buildActionMask = 2147483647;
			files = (
			);
			runOnlyForDeploymentPostprocessing = 0;
		};
		C694D21521D0BBFE00B2AE07 /* Resources */ = {
			isa = PBXResourcesBuildPhase;
			buildActionMask = 2147483647;
			files = (
			);
			runOnlyForDeploymentPostprocessing = 0;
		};
		C694D21D21D0BBFF00B2AE07 /* Resources */ = {
			isa = PBXResourcesBuildPhase;
			buildActionMask = 2147483647;
			files = (
			);
			runOnlyForDeploymentPostprocessing = 0;
		};
		C694D23821D0BC1D00B2AE07 /* Resources */ = {
			isa = PBXResourcesBuildPhase;
			buildActionMask = 2147483647;
			files = (
				C64B0AD321D1209A00386000 /* Assets.xcassets in Resources */,
			);
			runOnlyForDeploymentPostprocessing = 0;
		};
		C694D24021D0BC1D00B2AE07 /* Resources */ = {
			isa = PBXResourcesBuildPhase;
			buildActionMask = 2147483647;
			files = (
			);
			runOnlyForDeploymentPostprocessing = 0;
		};
/* End PBXResourcesBuildPhase section */

/* Begin PBXShellScriptBuildPhase section */
		2A82D1DFF3BD0908001C618D /* [CP] Check Pods Manifest.lock */ = {
			isa = PBXShellScriptBuildPhase;
			buildActionMask = 2147483647;
			files = (
			);
			inputFileListPaths = (
			);
			inputPaths = (
				"${PODS_PODFILE_DIR_PATH}/Podfile.lock",
				"${PODS_ROOT}/Manifest.lock",
			);
			name = "[CP] Check Pods Manifest.lock";
			outputFileListPaths = (
			);
			outputPaths = (
				"$(DERIVED_FILE_DIR)/Pods-BigNeonCore-checkManifestLockResult.txt",
			);
			runOnlyForDeploymentPostprocessing = 0;
			shellPath = /bin/sh;
			shellScript = "diff \"${PODS_PODFILE_DIR_PATH}/Podfile.lock\" \"${PODS_ROOT}/Manifest.lock\" > /dev/null\nif [ $? != 0 ] ; then\n    # print error to STDERR\n    echo \"error: The sandbox is not in sync with the Podfile.lock. Run 'pod install' or update your CocoaPods installation.\" >&2\n    exit 1\nfi\n# This output is used by Xcode 'outputs' to avoid re-running this script phase.\necho \"SUCCESS\" > \"${SCRIPT_OUTPUT_FILE_0}\"\n";
			showEnvVarsInLog = 0;
		};
		2E74AE6097BD3B7E726A3E2E /* [CP] Check Pods Manifest.lock */ = {
			isa = PBXShellScriptBuildPhase;
			buildActionMask = 2147483647;
			files = (
			);
			inputFileListPaths = (
			);
			inputPaths = (
				"${PODS_PODFILE_DIR_PATH}/Podfile.lock",
				"${PODS_ROOT}/Manifest.lock",
			);
			name = "[CP] Check Pods Manifest.lock";
			outputFileListPaths = (
			);
			outputPaths = (
				"$(DERIVED_FILE_DIR)/Pods-Big Neon-checkManifestLockResult.txt",
			);
			runOnlyForDeploymentPostprocessing = 0;
			shellPath = /bin/sh;
			shellScript = "diff \"${PODS_PODFILE_DIR_PATH}/Podfile.lock\" \"${PODS_ROOT}/Manifest.lock\" > /dev/null\nif [ $? != 0 ] ; then\n    # print error to STDERR\n    echo \"error: The sandbox is not in sync with the Podfile.lock. Run 'pod install' or update your CocoaPods installation.\" >&2\n    exit 1\nfi\n# This output is used by Xcode 'outputs' to avoid re-running this script phase.\necho \"SUCCESS\" > \"${SCRIPT_OUTPUT_FILE_0}\"\n";
			showEnvVarsInLog = 0;
		};
		38CC1584353202938BF8C806 /* [CP] Embed Pods Frameworks */ = {
			isa = PBXShellScriptBuildPhase;
			buildActionMask = 2147483647;
			files = (
			);
			inputFileListPaths = (
			);
			inputPaths = (
				"${SRCROOT}/Pods/Target Support Files/Pods-Big Neon/Pods-Big Neon-frameworks.sh",
				"${BUILT_PRODUCTS_DIR}/pop/pop.framework",
				"${BUILT_PRODUCTS_DIR}/PWSwitch/PWSwitch.framework",
				"${BUILT_PRODUCTS_DIR}/PresenterKit/PresenterKit.framework",
				"${BUILT_PRODUCTS_DIR}/UITextField+Shake/UITextField_Shake.framework",
				"${BUILT_PRODUCTS_DIR}/Alamofire/Alamofire.framework",
				"${BUILT_PRODUCTS_DIR}/Mixpanel/Mixpanel.framework",
				"${BUILT_PRODUCTS_DIR}/Stripe/Stripe.framework",
			);
			name = "[CP] Embed Pods Frameworks";
			outputFileListPaths = (
			);
			outputPaths = (
				"${TARGET_BUILD_DIR}/${FRAMEWORKS_FOLDER_PATH}/pop.framework",
				"${TARGET_BUILD_DIR}/${FRAMEWORKS_FOLDER_PATH}/PWSwitch.framework",
				"${TARGET_BUILD_DIR}/${FRAMEWORKS_FOLDER_PATH}/PresenterKit.framework",
				"${TARGET_BUILD_DIR}/${FRAMEWORKS_FOLDER_PATH}/UITextField_Shake.framework",
				"${TARGET_BUILD_DIR}/${FRAMEWORKS_FOLDER_PATH}/Alamofire.framework",
				"${TARGET_BUILD_DIR}/${FRAMEWORKS_FOLDER_PATH}/Mixpanel.framework",
				"${TARGET_BUILD_DIR}/${FRAMEWORKS_FOLDER_PATH}/Stripe.framework",
			);
			runOnlyForDeploymentPostprocessing = 0;
			shellPath = /bin/sh;
			shellScript = "\"${SRCROOT}/Pods/Target Support Files/Pods-Big Neon/Pods-Big Neon-frameworks.sh\"\n";
			showEnvVarsInLog = 0;
		};
		46C684B3A8DD5D0EA7148865 /* [CP] Check Pods Manifest.lock */ = {
			isa = PBXShellScriptBuildPhase;
			buildActionMask = 2147483647;
			files = (
			);
			inputFileListPaths = (
			);
			inputPaths = (
				"${PODS_PODFILE_DIR_PATH}/Podfile.lock",
				"${PODS_ROOT}/Manifest.lock",
			);
			name = "[CP] Check Pods Manifest.lock";
			outputFileListPaths = (
			);
			outputPaths = (
				"$(DERIVED_FILE_DIR)/Pods-BigNeonUI-checkManifestLockResult.txt",
			);
			runOnlyForDeploymentPostprocessing = 0;
			shellPath = /bin/sh;
			shellScript = "diff \"${PODS_PODFILE_DIR_PATH}/Podfile.lock\" \"${PODS_ROOT}/Manifest.lock\" > /dev/null\nif [ $? != 0 ] ; then\n    # print error to STDERR\n    echo \"error: The sandbox is not in sync with the Podfile.lock. Run 'pod install' or update your CocoaPods installation.\" >&2\n    exit 1\nfi\n# This output is used by Xcode 'outputs' to avoid re-running this script phase.\necho \"SUCCESS\" > \"${SCRIPT_OUTPUT_FILE_0}\"\n";
			showEnvVarsInLog = 0;
		};
/* End PBXShellScriptBuildPhase section */

/* Begin PBXSourcesBuildPhase section */
		C62BC77C21CCC3F700830A5F /* Sources */ = {
			isa = PBXSourcesBuildPhase;
			buildActionMask = 2147483647;
			files = (
				C64B0ADA21D1240700386000 /* TicketsViewModel.swift in Sources */,
				C64B0ABB21D0DCC900386000 /* ExploreViewController.CollectionView.swift in Sources */,
				C64B0ADC21D1276100386000 /* ProfileViewController.swift in Sources */,
				C64B0ABD21D0DCDB00386000 /* ExploreViewModel.swift in Sources */,
				C64B0AE121D1294600386000 /* ProfileViewController.TableView.swift in Sources */,
				C694D25A21D0BFE600B2AE07 /* ApplicationRouting.swift in Sources */,
				C62BC78621CCC3F700830A5F /* ExploreViewController.swift in Sources */,
				C64B0AD821D123F400386000 /* TicketsViewController.swift in Sources */,
				C64B0AC221D0DD5E00386000 /* TabBarController.swift in Sources */,
				C62BC78421CCC3F700830A5F /* AppDelegate.swift in Sources */,
				C64B0AC021D0DD1E00386000 /* Utils.swift in Sources */,
			);
			runOnlyForDeploymentPostprocessing = 0;
		};
		C62BC79021CCC3FB00830A5F /* Sources */ = {
			isa = PBXSourcesBuildPhase;
			buildActionMask = 2147483647;
			files = (
				C62BC79921CCC3FB00830A5F /* Big_NeonTests.swift in Sources */,
			);
			runOnlyForDeploymentPostprocessing = 0;
		};
		C62BC79B21CCC3FB00830A5F /* Sources */ = {
			isa = PBXSourcesBuildPhase;
			buildActionMask = 2147483647;
			files = (
				C62BC7A421CCC3FB00830A5F /* Big_NeonUITests.swift in Sources */,
			);
			runOnlyForDeploymentPostprocessing = 0;
		};
		C694D21321D0BBFE00B2AE07 /* Sources */ = {
			isa = PBXSourcesBuildPhase;
			buildActionMask = 2147483647;
			files = (
			);
			runOnlyForDeploymentPostprocessing = 0;
		};
		C694D21B21D0BBFF00B2AE07 /* Sources */ = {
			isa = PBXSourcesBuildPhase;
			buildActionMask = 2147483647;
			files = (
				C694D22721D0BBFF00B2AE07 /* BigNeonCoreTests.swift in Sources */,
			);
			runOnlyForDeploymentPostprocessing = 0;
		};
		C694D23621D0BC1D00B2AE07 /* Sources */ = {
			isa = PBXSourcesBuildPhase;
			buildActionMask = 2147483647;
			files = (
				C64B0AC821D0EF3C00386000 /* SectionHeaderCell.swift in Sources */,
				C64B0ACA21D0FA9100386000 /* NavBarConfig.swift in Sources */,
				C64B0AC421D0DDE400386000 /* Colours.swift in Sources */,
				C64B0ACE21D100B600386000 /* HotThisWeekCell.swift in Sources */,
				C64B0AC621D0E89C00386000 /* ExploreUpcomingCell.swift in Sources */,
				C64B0AD021D1016600386000 /* HotWeekCell.swift in Sources */,
				C64B0AD221D11EF100386000 /* RoundedCorner.swift in Sources */,
				C64B0ADF21D128F200386000 /* ProfileHeaderView.swift in Sources */,
				C64B0AE321D1299200386000 /* ProfileTableCell.swift in Sources */,
			);
			runOnlyForDeploymentPostprocessing = 0;
		};
		C694D23E21D0BC1D00B2AE07 /* Sources */ = {
			isa = PBXSourcesBuildPhase;
			buildActionMask = 2147483647;
			files = (
				C694D24A21D0BC1D00B2AE07 /* BigNeonUITests.swift in Sources */,
			);
			runOnlyForDeploymentPostprocessing = 0;
		};
/* End PBXSourcesBuildPhase section */

/* Begin PBXTargetDependency section */
		C62BC79621CCC3FB00830A5F /* PBXTargetDependency */ = {
			isa = PBXTargetDependency;
			target = C62BC77F21CCC3F700830A5F /* Big Neon */;
			targetProxy = C62BC79521CCC3FB00830A5F /* PBXContainerItemProxy */;
		};
		C62BC7A121CCC3FB00830A5F /* PBXTargetDependency */ = {
			isa = PBXTargetDependency;
			target = C62BC77F21CCC3F700830A5F /* Big Neon */;
			targetProxy = C62BC7A021CCC3FB00830A5F /* PBXContainerItemProxy */;
		};
		C694D22221D0BBFF00B2AE07 /* PBXTargetDependency */ = {
			isa = PBXTargetDependency;
			target = C694D21621D0BBFE00B2AE07 /* BigNeonCore */;
			targetProxy = C694D22121D0BBFF00B2AE07 /* PBXContainerItemProxy */;
		};
		C694D22421D0BBFF00B2AE07 /* PBXTargetDependency */ = {
			isa = PBXTargetDependency;
			target = C62BC77F21CCC3F700830A5F /* Big Neon */;
			targetProxy = C694D22321D0BBFF00B2AE07 /* PBXContainerItemProxy */;
		};
		C694D22B21D0BBFF00B2AE07 /* PBXTargetDependency */ = {
			isa = PBXTargetDependency;
			target = C694D21621D0BBFE00B2AE07 /* BigNeonCore */;
			targetProxy = C694D22A21D0BBFF00B2AE07 /* PBXContainerItemProxy */;
		};
		C694D24521D0BC1D00B2AE07 /* PBXTargetDependency */ = {
			isa = PBXTargetDependency;
			target = C694D23921D0BC1D00B2AE07 /* BigNeonUI */;
			targetProxy = C694D24421D0BC1D00B2AE07 /* PBXContainerItemProxy */;
		};
		C694D24721D0BC1D00B2AE07 /* PBXTargetDependency */ = {
			isa = PBXTargetDependency;
			target = C62BC77F21CCC3F700830A5F /* Big Neon */;
			targetProxy = C694D24621D0BC1D00B2AE07 /* PBXContainerItemProxy */;
		};
		C694D24E21D0BC1D00B2AE07 /* PBXTargetDependency */ = {
			isa = PBXTargetDependency;
			target = C694D23921D0BC1D00B2AE07 /* BigNeonUI */;
			targetProxy = C694D24D21D0BC1D00B2AE07 /* PBXContainerItemProxy */;
		};
/* End PBXTargetDependency section */

/* Begin PBXVariantGroup section */
		C62BC78C21CCC3FB00830A5F /* LaunchScreen.storyboard */ = {
			isa = PBXVariantGroup;
			children = (
				C62BC78D21CCC3FB00830A5F /* Base */,
			);
			name = LaunchScreen.storyboard;
			sourceTree = "<group>";
		};
/* End PBXVariantGroup section */

/* Begin XCBuildConfiguration section */
		C62BC7A621CCC3FB00830A5F /* Debug */ = {
			isa = XCBuildConfiguration;
			buildSettings = {
				ALWAYS_SEARCH_USER_PATHS = NO;
				CLANG_ANALYZER_NONNULL = YES;
				CLANG_ANALYZER_NUMBER_OBJECT_CONVERSION = YES_AGGRESSIVE;
				CLANG_CXX_LANGUAGE_STANDARD = "gnu++14";
				CLANG_CXX_LIBRARY = "libc++";
				CLANG_ENABLE_MODULES = YES;
				CLANG_ENABLE_OBJC_ARC = YES;
				CLANG_ENABLE_OBJC_WEAK = YES;
				CLANG_WARN_BLOCK_CAPTURE_AUTORELEASING = YES;
				CLANG_WARN_BOOL_CONVERSION = YES;
				CLANG_WARN_COMMA = YES;
				CLANG_WARN_CONSTANT_CONVERSION = YES;
				CLANG_WARN_DEPRECATED_OBJC_IMPLEMENTATIONS = YES;
				CLANG_WARN_DIRECT_OBJC_ISA_USAGE = YES_ERROR;
				CLANG_WARN_DOCUMENTATION_COMMENTS = YES;
				CLANG_WARN_EMPTY_BODY = YES;
				CLANG_WARN_ENUM_CONVERSION = YES;
				CLANG_WARN_INFINITE_RECURSION = YES;
				CLANG_WARN_INT_CONVERSION = YES;
				CLANG_WARN_NON_LITERAL_NULL_CONVERSION = YES;
				CLANG_WARN_OBJC_IMPLICIT_RETAIN_SELF = YES;
				CLANG_WARN_OBJC_LITERAL_CONVERSION = YES;
				CLANG_WARN_OBJC_ROOT_CLASS = YES_ERROR;
				CLANG_WARN_RANGE_LOOP_ANALYSIS = YES;
				CLANG_WARN_STRICT_PROTOTYPES = YES;
				CLANG_WARN_SUSPICIOUS_MOVE = YES;
				CLANG_WARN_UNGUARDED_AVAILABILITY = YES_AGGRESSIVE;
				CLANG_WARN_UNREACHABLE_CODE = YES;
				CLANG_WARN__DUPLICATE_METHOD_MATCH = YES;
				CODE_SIGN_IDENTITY = "iPhone Developer";
				COPY_PHASE_STRIP = NO;
				DEBUG_INFORMATION_FORMAT = dwarf;
				ENABLE_STRICT_OBJC_MSGSEND = YES;
				ENABLE_TESTABILITY = YES;
				GCC_C_LANGUAGE_STANDARD = gnu11;
				GCC_DYNAMIC_NO_PIC = NO;
				GCC_NO_COMMON_BLOCKS = YES;
				GCC_OPTIMIZATION_LEVEL = 0;
				GCC_PREPROCESSOR_DEFINITIONS = (
					"DEBUG=1",
					"$(inherited)",
				);
				GCC_WARN_64_TO_32_BIT_CONVERSION = YES;
				GCC_WARN_ABOUT_RETURN_TYPE = YES_ERROR;
				GCC_WARN_UNDECLARED_SELECTOR = YES;
				GCC_WARN_UNINITIALIZED_AUTOS = YES_AGGRESSIVE;
				GCC_WARN_UNUSED_FUNCTION = YES;
				GCC_WARN_UNUSED_VARIABLE = YES;
				IPHONEOS_DEPLOYMENT_TARGET = 11.0;
				MTL_ENABLE_DEBUG_INFO = INCLUDE_SOURCE;
				MTL_FAST_MATH = YES;
				ONLY_ACTIVE_ARCH = YES;
				SDKROOT = iphoneos;
				SWIFT_ACTIVE_COMPILATION_CONDITIONS = DEBUG;
				SWIFT_OPTIMIZATION_LEVEL = "-Onone";
			};
			name = Debug;
		};
		C62BC7A721CCC3FB00830A5F /* Release */ = {
			isa = XCBuildConfiguration;
			buildSettings = {
				ALWAYS_SEARCH_USER_PATHS = NO;
				CLANG_ANALYZER_NONNULL = YES;
				CLANG_ANALYZER_NUMBER_OBJECT_CONVERSION = YES_AGGRESSIVE;
				CLANG_CXX_LANGUAGE_STANDARD = "gnu++14";
				CLANG_CXX_LIBRARY = "libc++";
				CLANG_ENABLE_MODULES = YES;
				CLANG_ENABLE_OBJC_ARC = YES;
				CLANG_ENABLE_OBJC_WEAK = YES;
				CLANG_WARN_BLOCK_CAPTURE_AUTORELEASING = YES;
				CLANG_WARN_BOOL_CONVERSION = YES;
				CLANG_WARN_COMMA = YES;
				CLANG_WARN_CONSTANT_CONVERSION = YES;
				CLANG_WARN_DEPRECATED_OBJC_IMPLEMENTATIONS = YES;
				CLANG_WARN_DIRECT_OBJC_ISA_USAGE = YES_ERROR;
				CLANG_WARN_DOCUMENTATION_COMMENTS = YES;
				CLANG_WARN_EMPTY_BODY = YES;
				CLANG_WARN_ENUM_CONVERSION = YES;
				CLANG_WARN_INFINITE_RECURSION = YES;
				CLANG_WARN_INT_CONVERSION = YES;
				CLANG_WARN_NON_LITERAL_NULL_CONVERSION = YES;
				CLANG_WARN_OBJC_IMPLICIT_RETAIN_SELF = YES;
				CLANG_WARN_OBJC_LITERAL_CONVERSION = YES;
				CLANG_WARN_OBJC_ROOT_CLASS = YES_ERROR;
				CLANG_WARN_RANGE_LOOP_ANALYSIS = YES;
				CLANG_WARN_STRICT_PROTOTYPES = YES;
				CLANG_WARN_SUSPICIOUS_MOVE = YES;
				CLANG_WARN_UNGUARDED_AVAILABILITY = YES_AGGRESSIVE;
				CLANG_WARN_UNREACHABLE_CODE = YES;
				CLANG_WARN__DUPLICATE_METHOD_MATCH = YES;
				CODE_SIGN_IDENTITY = "iPhone Developer";
				COPY_PHASE_STRIP = NO;
				DEBUG_INFORMATION_FORMAT = "dwarf-with-dsym";
				ENABLE_NS_ASSERTIONS = NO;
				ENABLE_STRICT_OBJC_MSGSEND = YES;
				GCC_C_LANGUAGE_STANDARD = gnu11;
				GCC_NO_COMMON_BLOCKS = YES;
				GCC_WARN_64_TO_32_BIT_CONVERSION = YES;
				GCC_WARN_ABOUT_RETURN_TYPE = YES_ERROR;
				GCC_WARN_UNDECLARED_SELECTOR = YES;
				GCC_WARN_UNINITIALIZED_AUTOS = YES_AGGRESSIVE;
				GCC_WARN_UNUSED_FUNCTION = YES;
				GCC_WARN_UNUSED_VARIABLE = YES;
				IPHONEOS_DEPLOYMENT_TARGET = 11.0;
				MTL_ENABLE_DEBUG_INFO = NO;
				MTL_FAST_MATH = YES;
				SDKROOT = iphoneos;
				SWIFT_COMPILATION_MODE = wholemodule;
				SWIFT_OPTIMIZATION_LEVEL = "-O";
				VALIDATE_PRODUCT = YES;
			};
			name = Release;
		};
		C62BC7A921CCC3FB00830A5F /* Debug */ = {
			isa = XCBuildConfiguration;
			baseConfigurationReference = CF1FA333925A46724CB83E09 /* Pods-Big Neon.debug.xcconfig */;
			buildSettings = {
				ALWAYS_EMBED_SWIFT_STANDARD_LIBRARIES = YES;
				ASSETCATALOG_COMPILER_APPICON_NAME = AppIcon;
				CODE_SIGN_STYLE = Automatic;
				DEVELOPMENT_TEAM = YVK784K26W;
				INFOPLIST_FILE = "Big Neon/Info.plist";
				IPHONEOS_DEPLOYMENT_TARGET = 11.0;
				LD_RUNPATH_SEARCH_PATHS = (
					"$(inherited)",
					"@executable_path/Frameworks",
				);
				PRODUCT_BUNDLE_IDENTIFIER = "com.bigneon.Big-Neon.stagin";
				PRODUCT_NAME = "$(TARGET_NAME)";
				SWIFT_VERSION = 4.2;
				TARGETED_DEVICE_FAMILY = 1;
			};
			name = Debug;
		};
		C62BC7AA21CCC3FB00830A5F /* Release */ = {
			isa = XCBuildConfiguration;
			baseConfigurationReference = 6CC758E69ED3F7507F39BB91 /* Pods-Big Neon.release.xcconfig */;
			buildSettings = {
				ALWAYS_EMBED_SWIFT_STANDARD_LIBRARIES = YES;
				ASSETCATALOG_COMPILER_APPICON_NAME = AppIcon;
				CODE_SIGN_STYLE = Automatic;
				DEVELOPMENT_TEAM = YVK784K26W;
				INFOPLIST_FILE = "Big Neon/Info.plist";
				IPHONEOS_DEPLOYMENT_TARGET = 11.0;
				LD_RUNPATH_SEARCH_PATHS = (
					"$(inherited)",
					"@executable_path/Frameworks",
				);
				PRODUCT_BUNDLE_IDENTIFIER = "com.bigneon.Big-Neon.stagin";
				PRODUCT_NAME = "$(TARGET_NAME)";
				SWIFT_VERSION = 4.2;
				TARGETED_DEVICE_FAMILY = 1;
			};
			name = Release;
		};
		C62BC7AC21CCC3FB00830A5F /* Debug */ = {
			isa = XCBuildConfiguration;
			buildSettings = {
				ALWAYS_EMBED_SWIFT_STANDARD_LIBRARIES = YES;
				BUNDLE_LOADER = "$(TEST_HOST)";
				CODE_SIGN_STYLE = Automatic;
				DEVELOPMENT_TEAM = YVK784K26W;
				INFOPLIST_FILE = "Big NeonTests/Info.plist";
				LD_RUNPATH_SEARCH_PATHS = (
					"$(inherited)",
					"@executable_path/Frameworks",
					"@loader_path/Frameworks",
				);
				PRODUCT_BUNDLE_IDENTIFIER = "com.bigneon.Big-NeonTests";
				PRODUCT_NAME = "$(TARGET_NAME)";
				SWIFT_VERSION = 4.2;
				TARGETED_DEVICE_FAMILY = "1,2";
				TEST_HOST = "$(BUILT_PRODUCTS_DIR)/Big Neon.app/Big Neon";
			};
			name = Debug;
		};
		C62BC7AD21CCC3FB00830A5F /* Release */ = {
			isa = XCBuildConfiguration;
			buildSettings = {
				ALWAYS_EMBED_SWIFT_STANDARD_LIBRARIES = YES;
				BUNDLE_LOADER = "$(TEST_HOST)";
				CODE_SIGN_STYLE = Automatic;
				DEVELOPMENT_TEAM = YVK784K26W;
				INFOPLIST_FILE = "Big NeonTests/Info.plist";
				LD_RUNPATH_SEARCH_PATHS = (
					"$(inherited)",
					"@executable_path/Frameworks",
					"@loader_path/Frameworks",
				);
				PRODUCT_BUNDLE_IDENTIFIER = "com.bigneon.Big-NeonTests";
				PRODUCT_NAME = "$(TARGET_NAME)";
				SWIFT_VERSION = 4.2;
				TARGETED_DEVICE_FAMILY = "1,2";
				TEST_HOST = "$(BUILT_PRODUCTS_DIR)/Big Neon.app/Big Neon";
			};
			name = Release;
		};
		C62BC7AF21CCC3FB00830A5F /* Debug */ = {
			isa = XCBuildConfiguration;
			buildSettings = {
				ALWAYS_EMBED_SWIFT_STANDARD_LIBRARIES = YES;
				CODE_SIGN_STYLE = Automatic;
				DEVELOPMENT_TEAM = YVK784K26W;
				INFOPLIST_FILE = "Big NeonUITests/Info.plist";
				LD_RUNPATH_SEARCH_PATHS = (
					"$(inherited)",
					"@executable_path/Frameworks",
					"@loader_path/Frameworks",
				);
				PRODUCT_BUNDLE_IDENTIFIER = "com.bigneon.Big-NeonUITests";
				PRODUCT_NAME = "$(TARGET_NAME)";
				SWIFT_VERSION = 4.2;
				TARGETED_DEVICE_FAMILY = "1,2";
				TEST_TARGET_NAME = "Big Neon";
			};
			name = Debug;
		};
		C62BC7B021CCC3FB00830A5F /* Release */ = {
			isa = XCBuildConfiguration;
			buildSettings = {
				ALWAYS_EMBED_SWIFT_STANDARD_LIBRARIES = YES;
				CODE_SIGN_STYLE = Automatic;
				DEVELOPMENT_TEAM = YVK784K26W;
				INFOPLIST_FILE = "Big NeonUITests/Info.plist";
				LD_RUNPATH_SEARCH_PATHS = (
					"$(inherited)",
					"@executable_path/Frameworks",
					"@loader_path/Frameworks",
				);
				PRODUCT_BUNDLE_IDENTIFIER = "com.bigneon.Big-NeonUITests";
				PRODUCT_NAME = "$(TARGET_NAME)";
				SWIFT_VERSION = 4.2;
				TARGETED_DEVICE_FAMILY = "1,2";
				TEST_TARGET_NAME = "Big Neon";
			};
			name = Release;
		};
		C694D22E21D0BBFF00B2AE07 /* Debug */ = {
			isa = XCBuildConfiguration;
			baseConfigurationReference = AB883EFDAE7FEF2892885C4C /* Pods-BigNeonCore.debug.xcconfig */;
			buildSettings = {
				CODE_SIGN_IDENTITY = "";
				CODE_SIGN_STYLE = Automatic;
				CURRENT_PROJECT_VERSION = 1;
				DEFINES_MODULE = YES;
				DEVELOPMENT_TEAM = YVK784K26W;
				DYLIB_COMPATIBILITY_VERSION = 1;
				DYLIB_CURRENT_VERSION = 1;
				DYLIB_INSTALL_NAME_BASE = "@rpath";
				INFOPLIST_FILE = BigNeonCore/Info.plist;
				INSTALL_PATH = "$(LOCAL_LIBRARY_DIR)/Frameworks";
				IPHONEOS_DEPLOYMENT_TARGET = 11.0;
				LD_RUNPATH_SEARCH_PATHS = (
					"$(inherited)",
					"@executable_path/Frameworks",
					"@loader_path/Frameworks",
				);
				PRODUCT_BUNDLE_IDENTIFIER = com.bigneon.BigNeonCore;
				PRODUCT_NAME = "$(TARGET_NAME:c99extidentifier)";
				SKIP_INSTALL = YES;
				SWIFT_VERSION = 4.2;
				TARGETED_DEVICE_FAMILY = 1;
				VERSIONING_SYSTEM = "apple-generic";
				VERSION_INFO_PREFIX = "";
			};
			name = Debug;
		};
		C694D22F21D0BBFF00B2AE07 /* Release */ = {
			isa = XCBuildConfiguration;
			baseConfigurationReference = C5C35E86CF6274D746DC2A17 /* Pods-BigNeonCore.release.xcconfig */;
			buildSettings = {
				CODE_SIGN_IDENTITY = "";
				CODE_SIGN_STYLE = Automatic;
				CURRENT_PROJECT_VERSION = 1;
				DEFINES_MODULE = YES;
				DEVELOPMENT_TEAM = YVK784K26W;
				DYLIB_COMPATIBILITY_VERSION = 1;
				DYLIB_CURRENT_VERSION = 1;
				DYLIB_INSTALL_NAME_BASE = "@rpath";
				INFOPLIST_FILE = BigNeonCore/Info.plist;
				INSTALL_PATH = "$(LOCAL_LIBRARY_DIR)/Frameworks";
				IPHONEOS_DEPLOYMENT_TARGET = 11.0;
				LD_RUNPATH_SEARCH_PATHS = (
					"$(inherited)",
					"@executable_path/Frameworks",
					"@loader_path/Frameworks",
				);
				PRODUCT_BUNDLE_IDENTIFIER = com.bigneon.BigNeonCore;
				PRODUCT_NAME = "$(TARGET_NAME:c99extidentifier)";
				SKIP_INSTALL = YES;
				SWIFT_VERSION = 4.2;
				TARGETED_DEVICE_FAMILY = 1;
				VERSIONING_SYSTEM = "apple-generic";
				VERSION_INFO_PREFIX = "";
			};
			name = Release;
		};
		C694D23021D0BBFF00B2AE07 /* Debug */ = {
			isa = XCBuildConfiguration;
			buildSettings = {
				ALWAYS_EMBED_SWIFT_STANDARD_LIBRARIES = YES;
				CODE_SIGN_STYLE = Automatic;
				DEVELOPMENT_TEAM = YVK784K26W;
				INFOPLIST_FILE = BigNeonCoreTests/Info.plist;
				LD_RUNPATH_SEARCH_PATHS = (
					"$(inherited)",
					"@executable_path/Frameworks",
					"@loader_path/Frameworks",
				);
				PRODUCT_BUNDLE_IDENTIFIER = com.bigneon.BigNeonCoreTests;
				PRODUCT_NAME = "$(TARGET_NAME)";
				SWIFT_VERSION = 4.2;
				TARGETED_DEVICE_FAMILY = "1,2";
				TEST_HOST = "$(BUILT_PRODUCTS_DIR)/Big Neon.app/Big Neon";
			};
			name = Debug;
		};
		C694D23121D0BBFF00B2AE07 /* Release */ = {
			isa = XCBuildConfiguration;
			buildSettings = {
				ALWAYS_EMBED_SWIFT_STANDARD_LIBRARIES = YES;
				CODE_SIGN_STYLE = Automatic;
				DEVELOPMENT_TEAM = YVK784K26W;
				INFOPLIST_FILE = BigNeonCoreTests/Info.plist;
				LD_RUNPATH_SEARCH_PATHS = (
					"$(inherited)",
					"@executable_path/Frameworks",
					"@loader_path/Frameworks",
				);
				PRODUCT_BUNDLE_IDENTIFIER = com.bigneon.BigNeonCoreTests;
				PRODUCT_NAME = "$(TARGET_NAME)";
				SWIFT_VERSION = 4.2;
				TARGETED_DEVICE_FAMILY = "1,2";
				TEST_HOST = "$(BUILT_PRODUCTS_DIR)/Big Neon.app/Big Neon";
			};
			name = Release;
		};
		C694D25221D0BC1D00B2AE07 /* Debug */ = {
			isa = XCBuildConfiguration;
			baseConfigurationReference = 2C6EEF4B027329FAE820B874 /* Pods-BigNeonUI.debug.xcconfig */;
			buildSettings = {
				CLANG_ENABLE_MODULES = YES;
				CODE_SIGN_IDENTITY = "";
				CODE_SIGN_STYLE = Automatic;
				CURRENT_PROJECT_VERSION = 1;
				DEFINES_MODULE = YES;
				DEVELOPMENT_TEAM = YVK784K26W;
				DYLIB_COMPATIBILITY_VERSION = 1;
				DYLIB_CURRENT_VERSION = 1;
				DYLIB_INSTALL_NAME_BASE = "@rpath";
				INFOPLIST_FILE = BigNeonUI/Info.plist;
				INSTALL_PATH = "$(LOCAL_LIBRARY_DIR)/Frameworks";
				IPHONEOS_DEPLOYMENT_TARGET = 11.0;
				LD_RUNPATH_SEARCH_PATHS = (
					"$(inherited)",
					"@executable_path/Frameworks",
					"@loader_path/Frameworks",
				);
				PRODUCT_BUNDLE_IDENTIFIER = com.bigneon.BigNeonUI;
				PRODUCT_NAME = "$(TARGET_NAME:c99extidentifier)";
				SKIP_INSTALL = YES;
				SWIFT_OPTIMIZATION_LEVEL = "-Onone";
				SWIFT_VERSION = 4.2;
				TARGETED_DEVICE_FAMILY = 1;
				VERSIONING_SYSTEM = "apple-generic";
				VERSION_INFO_PREFIX = "";
			};
			name = Debug;
		};
		C694D25321D0BC1D00B2AE07 /* Release */ = {
			isa = XCBuildConfiguration;
			baseConfigurationReference = 68F6ECD566A631F3FF5C699A /* Pods-BigNeonUI.release.xcconfig */;
			buildSettings = {
				CLANG_ENABLE_MODULES = YES;
				CODE_SIGN_IDENTITY = "";
				CODE_SIGN_STYLE = Automatic;
				CURRENT_PROJECT_VERSION = 1;
				DEFINES_MODULE = YES;
				DEVELOPMENT_TEAM = YVK784K26W;
				DYLIB_COMPATIBILITY_VERSION = 1;
				DYLIB_CURRENT_VERSION = 1;
				DYLIB_INSTALL_NAME_BASE = "@rpath";
				INFOPLIST_FILE = BigNeonUI/Info.plist;
				INSTALL_PATH = "$(LOCAL_LIBRARY_DIR)/Frameworks";
				IPHONEOS_DEPLOYMENT_TARGET = 11.0;
				LD_RUNPATH_SEARCH_PATHS = (
					"$(inherited)",
					"@executable_path/Frameworks",
					"@loader_path/Frameworks",
				);
				PRODUCT_BUNDLE_IDENTIFIER = com.bigneon.BigNeonUI;
				PRODUCT_NAME = "$(TARGET_NAME:c99extidentifier)";
				SKIP_INSTALL = YES;
				SWIFT_VERSION = 4.2;
				TARGETED_DEVICE_FAMILY = 1;
				VERSIONING_SYSTEM = "apple-generic";
				VERSION_INFO_PREFIX = "";
			};
			name = Release;
		};
		C694D25521D0BC1D00B2AE07 /* Debug */ = {
			isa = XCBuildConfiguration;
			buildSettings = {
				ALWAYS_EMBED_SWIFT_STANDARD_LIBRARIES = YES;
				CODE_SIGN_STYLE = Automatic;
				DEVELOPMENT_TEAM = YVK784K26W;
				INFOPLIST_FILE = BigNeonUITests/Info.plist;
				LD_RUNPATH_SEARCH_PATHS = (
					"$(inherited)",
					"@executable_path/Frameworks",
					"@loader_path/Frameworks",
				);
				PRODUCT_BUNDLE_IDENTIFIER = com.bigneon.BigNeonUITests;
				PRODUCT_NAME = "$(TARGET_NAME)";
				SWIFT_VERSION = 4.2;
				TARGETED_DEVICE_FAMILY = "1,2";
				TEST_HOST = "$(BUILT_PRODUCTS_DIR)/Big Neon.app/Big Neon";
			};
			name = Debug;
		};
		C694D25621D0BC1D00B2AE07 /* Release */ = {
			isa = XCBuildConfiguration;
			buildSettings = {
				ALWAYS_EMBED_SWIFT_STANDARD_LIBRARIES = YES;
				CODE_SIGN_STYLE = Automatic;
				DEVELOPMENT_TEAM = YVK784K26W;
				INFOPLIST_FILE = BigNeonUITests/Info.plist;
				LD_RUNPATH_SEARCH_PATHS = (
					"$(inherited)",
					"@executable_path/Frameworks",
					"@loader_path/Frameworks",
				);
				PRODUCT_BUNDLE_IDENTIFIER = com.bigneon.BigNeonUITests;
				PRODUCT_NAME = "$(TARGET_NAME)";
				SWIFT_VERSION = 4.2;
				TARGETED_DEVICE_FAMILY = "1,2";
				TEST_HOST = "$(BUILT_PRODUCTS_DIR)/Big Neon.app/Big Neon";
			};
			name = Release;
		};
/* End XCBuildConfiguration section */

/* Begin XCConfigurationList section */
		C62BC77B21CCC3F700830A5F /* Build configuration list for PBXProject "Big Neon" */ = {
			isa = XCConfigurationList;
			buildConfigurations = (
				C62BC7A621CCC3FB00830A5F /* Debug */,
				C62BC7A721CCC3FB00830A5F /* Release */,
			);
			defaultConfigurationIsVisible = 0;
			defaultConfigurationName = Release;
		};
		C62BC7A821CCC3FB00830A5F /* Build configuration list for PBXNativeTarget "Big Neon" */ = {
			isa = XCConfigurationList;
			buildConfigurations = (
				C62BC7A921CCC3FB00830A5F /* Debug */,
				C62BC7AA21CCC3FB00830A5F /* Release */,
			);
			defaultConfigurationIsVisible = 0;
			defaultConfigurationName = Release;
		};
		C62BC7AB21CCC3FB00830A5F /* Build configuration list for PBXNativeTarget "Big NeonTests" */ = {
			isa = XCConfigurationList;
			buildConfigurations = (
				C62BC7AC21CCC3FB00830A5F /* Debug */,
				C62BC7AD21CCC3FB00830A5F /* Release */,
			);
			defaultConfigurationIsVisible = 0;
			defaultConfigurationName = Release;
		};
		C62BC7AE21CCC3FB00830A5F /* Build configuration list for PBXNativeTarget "Big NeonUITests" */ = {
			isa = XCConfigurationList;
			buildConfigurations = (
				C62BC7AF21CCC3FB00830A5F /* Debug */,
				C62BC7B021CCC3FB00830A5F /* Release */,
			);
			defaultConfigurationIsVisible = 0;
			defaultConfigurationName = Release;
		};
		C694D23221D0BBFF00B2AE07 /* Build configuration list for PBXNativeTarget "BigNeonCore" */ = {
			isa = XCConfigurationList;
			buildConfigurations = (
				C694D22E21D0BBFF00B2AE07 /* Debug */,
				C694D22F21D0BBFF00B2AE07 /* Release */,
			);
			defaultConfigurationIsVisible = 0;
			defaultConfigurationName = Release;
		};
		C694D23421D0BBFF00B2AE07 /* Build configuration list for PBXNativeTarget "BigNeonCoreTests" */ = {
			isa = XCConfigurationList;
			buildConfigurations = (
				C694D23021D0BBFF00B2AE07 /* Debug */,
				C694D23121D0BBFF00B2AE07 /* Release */,
			);
			defaultConfigurationIsVisible = 0;
			defaultConfigurationName = Release;
		};
		C694D25121D0BC1D00B2AE07 /* Build configuration list for PBXNativeTarget "BigNeonUI" */ = {
			isa = XCConfigurationList;
			buildConfigurations = (
				C694D25221D0BC1D00B2AE07 /* Debug */,
				C694D25321D0BC1D00B2AE07 /* Release */,
			);
			defaultConfigurationIsVisible = 0;
			defaultConfigurationName = Release;
		};
		C694D25421D0BC1D00B2AE07 /* Build configuration list for PBXNativeTarget "BigNeonUITests" */ = {
			isa = XCConfigurationList;
			buildConfigurations = (
				C694D25521D0BC1D00B2AE07 /* Debug */,
				C694D25621D0BC1D00B2AE07 /* Release */,
			);
			defaultConfigurationIsVisible = 0;
			defaultConfigurationName = Release;
		};
/* End XCConfigurationList section */
	};
	rootObject = C62BC77821CCC3F700830A5F /* Project object */;
}
